// !$*UTF8*$!
{
	archiveVersion = 1;
	classes = {
	};
	objectVersion = 48;
	objects = {

/* Begin PBXBuildFile section */
		20DEC7A5869AE2DBDEBEDC3A /* Pods_Tests.framework in Frameworks */ = {isa = PBXBuildFile; fileRef = 73D1CEE14004B5BBA25A669D /* Pods_Tests.framework */; };
		294F654D20C38F4E0040C3FE /* StyledTextKit.framework in Frameworks */ = {isa = PBXBuildFile; fileRef = 29822E0E1FE05247008532D2 /* StyledTextKit.framework */; };
		29693EDD20FA9A4C00336200 /* StyledTextBuilderTests.swift in Sources */ = {isa = PBXBuildFile; fileRef = 29BAEE1220C339C800F283EA /* StyledTextBuilderTests.swift */; };
		29693EDE20FA9A4C00336200 /* StyledTextRendererSnapshotTests.swift in Sources */ = {isa = PBXBuildFile; fileRef = 29BAEE0F20C339C800F283EA /* StyledTextRendererSnapshotTests.swift */; };
		29693EDF20FA9A4C00336200 /* StyledTextTests.swift in Sources */ = {isa = PBXBuildFile; fileRef = 29BAEE0E20C339C800F283EA /* StyledTextTests.swift */; };
		29693EE020FA9A4C00336200 /* TextStyleTests.swift in Sources */ = {isa = PBXBuildFile; fileRef = 29BAEE1020C339C800F283EA /* TextStyleTests.swift */; };
		29693EE120FA9A4C00336200 /* UIContentSizeCategoryScalingTests.swift in Sources */ = {isa = PBXBuildFile; fileRef = 29BAEE0D20C339C800F283EA /* UIContentSizeCategoryScalingTests.swift */; };
		29693EE220FA9A4C00336200 /* UIFontUnionTraitsTests.swift in Sources */ = {isa = PBXBuildFile; fileRef = 29BAEDFE20C339C800F283EA /* UIFontUnionTraitsTests.swift */; };
		29693EE320FA9A4E00336200 /* LRUCacheTests.swift in Sources */ = {isa = PBXBuildFile; fileRef = 29BAEDFD20C339C800F283EA /* LRUCacheTests.swift */; };
		29BAEE3820C339D100F283EA /* CGImage+LRUCachable.swift in Sources */ = {isa = PBXBuildFile; fileRef = 29BAEE2320C339D100F283EA /* CGImage+LRUCachable.swift */; };
		29BAEE3920C339D100F283EA /* CGSize+LRUCachable.swift in Sources */ = {isa = PBXBuildFile; fileRef = 29BAEE2420C339D100F283EA /* CGSize+LRUCachable.swift */; };
		29BAEE3A20C339D100F283EA /* NSAttributedStringKey+StyledText.swift in Sources */ = {isa = PBXBuildFile; fileRef = 29BAEE2520C339D100F283EA /* NSAttributedStringKey+StyledText.swift */; };
		29BAEE3B20C339D100F283EA /* UIContentSizeCategory+Scaling.swift in Sources */ = {isa = PBXBuildFile; fileRef = 29BAEE2620C339D100F283EA /* UIContentSizeCategory+Scaling.swift */; };
		29BAEE3C20C339D100F283EA /* Hashable+Combined.swift in Sources */ = {isa = PBXBuildFile; fileRef = 29BAEE2720C339D100F283EA /* Hashable+Combined.swift */; };
		29BAEE3D20C339D100F283EA /* LRUCache.swift in Sources */ = {isa = PBXBuildFile; fileRef = 29BAEE2820C339D100F283EA /* LRUCache.swift */; };
		29BAEE3E20C339D100F283EA /* StyledTextString.swift in Sources */ = {isa = PBXBuildFile; fileRef = 29BAEE2920C339D100F283EA /* StyledTextString.swift */; };
		29BAEE3F20C339D100F283EA /* NSLayoutManager+Render.swift in Sources */ = {isa = PBXBuildFile; fileRef = 29BAEE2A20C339D100F283EA /* NSLayoutManager+Render.swift */; };
		29BAEE4020C339D100F283EA /* CGSize+Utility.swift in Sources */ = {isa = PBXBuildFile; fileRef = 29BAEE2B20C339D100F283EA /* CGSize+Utility.swift */; };
		29BAEE4120C339D100F283EA /* UIScreen+Static.swift in Sources */ = {isa = PBXBuildFile; fileRef = 29BAEE2C20C339D100F283EA /* UIScreen+Static.swift */; };
		29BAEE4220C339D100F283EA /* TextStyle.swift in Sources */ = {isa = PBXBuildFile; fileRef = 29BAEE2D20C339D100F283EA /* TextStyle.swift */; };
		29BAEE4320C339D100F283EA /* StyledTextKit.h in Headers */ = {isa = PBXBuildFile; fileRef = 29BAEE2E20C339D100F283EA /* StyledTextKit.h */; settings = {ATTRIBUTES = (Public, ); }; };
		29BAEE4420C339D100F283EA /* NSAttributedString+Trim.swift in Sources */ = {isa = PBXBuildFile; fileRef = 29BAEE2F20C339D100F283EA /* NSAttributedString+Trim.swift */; };
		29BAEE4520C339D100F283EA /* StyledTextRenderCacheKey.swift in Sources */ = {isa = PBXBuildFile; fileRef = 29BAEE3020C339D100F283EA /* StyledTextRenderCacheKey.swift */; };
		29BAEE4620C339D100F283EA /* UIFont+UnionTraits.swift in Sources */ = {isa = PBXBuildFile; fileRef = 29BAEE3120C339D100F283EA /* UIFont+UnionTraits.swift */; };
		29BAEE4720C339D100F283EA /* Font.swift in Sources */ = {isa = PBXBuildFile; fileRef = 29BAEE3220C339D100F283EA /* Font.swift */; };
		29BAEE4820C339D100F283EA /* StyledTextRenderer.swift in Sources */ = {isa = PBXBuildFile; fileRef = 29BAEE3320C339D100F283EA /* StyledTextRenderer.swift */; };
		29BAEE4920C339D100F283EA /* StyledTextBuilder.swift in Sources */ = {isa = PBXBuildFile; fileRef = 29BAEE3420C339D100F283EA /* StyledTextBuilder.swift */; };
		29BAEE4B20C339D100F283EA /* StyledText.swift in Sources */ = {isa = PBXBuildFile; fileRef = 29BAEE3620C339D100F283EA /* StyledText.swift */; };
		29BAEE4C20C339D100F283EA /* StyledTextView.swift in Sources */ = {isa = PBXBuildFile; fileRef = 29BAEE3720C339D100F283EA /* StyledTextView.swift */; };
/* End PBXBuildFile section */

/* Begin PBXContainerItemProxy section */
		294F654E20C38F4E0040C3FE /* PBXContainerItemProxy */ = {
			isa = PBXContainerItemProxy;
			containerPortal = 29822E051FE05247008532D2 /* Project object */;
			proxyType = 1;
			remoteGlobalIDString = 29822E0D1FE05247008532D2;
			remoteInfo = StyledTextKit;
		};
/* End PBXContainerItemProxy section */

/* Begin PBXFileReference section */
		290D453620C389CF008F2CB0 /* Snap_swift.framework */ = {isa = PBXFileReference; explicitFileType = wrapper.framework; path = Snap_swift.framework; sourceTree = BUILT_PRODUCTS_DIR; };
		294F654820C38F4E0040C3FE /* Tests.xctest */ = {isa = PBXFileReference; explicitFileType = wrapper.cfbundle; includeInIndex = 0; path = Tests.xctest; sourceTree = BUILT_PRODUCTS_DIR; };
		29822E0E1FE05247008532D2 /* StyledTextKit.framework */ = {isa = PBXFileReference; explicitFileType = wrapper.framework; includeInIndex = 0; path = StyledTextKit.framework; sourceTree = BUILT_PRODUCTS_DIR; };
		29BAEDFD20C339C800F283EA /* LRUCacheTests.swift */ = {isa = PBXFileReference; fileEncoding = 4; lastKnownFileType = sourcecode.swift; path = LRUCacheTests.swift; sourceTree = "<group>"; };
		29BAEDFE20C339C800F283EA /* UIFontUnionTraitsTests.swift */ = {isa = PBXFileReference; fileEncoding = 4; lastKnownFileType = sourcecode.swift; path = UIFontUnionTraitsTests.swift; sourceTree = "<group>"; };
		29BAEE0220C339C800F283EA /* reference_test_lorem_100@3x.png */ = {isa = PBXFileReference; lastKnownFileType = image.png; path = "reference_test_lorem_100@3x.png"; sourceTree = "<group>"; };
		29BAEE0320C339C800F283EA /* reference_test_complexbuilder@3x.png */ = {isa = PBXFileReference; lastKnownFileType = image.png; path = "reference_test_complexbuilder@3x.png"; sourceTree = "<group>"; };
		29BAEE0420C339C800F283EA /* reference_test_clearbackground@3x.png */ = {isa = PBXFileReference; lastKnownFileType = image.png; path = "reference_test_clearbackground@3x.png"; sourceTree = "<group>"; };
		29BAEE0520C339C800F283EA /* reference_test_lorem_200@3x.png */ = {isa = PBXFileReference; lastKnownFileType = image.png; path = "reference_test_lorem_200@3x.png"; sourceTree = "<group>"; };
		29BAEE0620C339C800F283EA /* reference_test_lorem_300@3x.png */ = {isa = PBXFileReference; lastKnownFileType = image.png; path = "reference_test_lorem_300@3x.png"; sourceTree = "<group>"; };
		29BAEE0920C339C800F283EA /* diff_test_complexbuilder@3x.png */ = {isa = PBXFileReference; lastKnownFileType = image.png; path = "diff_test_complexbuilder@3x.png"; sourceTree = "<group>"; };
		29BAEE0C20C339C800F283EA /* failed_test_complexbuilder@3x.png */ = {isa = PBXFileReference; lastKnownFileType = image.png; path = "failed_test_complexbuilder@3x.png"; sourceTree = "<group>"; };
		29BAEE0D20C339C800F283EA /* UIContentSizeCategoryScalingTests.swift */ = {isa = PBXFileReference; fileEncoding = 4; lastKnownFileType = sourcecode.swift; path = UIContentSizeCategoryScalingTests.swift; sourceTree = "<group>"; };
		29BAEE0E20C339C800F283EA /* StyledTextTests.swift */ = {isa = PBXFileReference; fileEncoding = 4; lastKnownFileType = sourcecode.swift; path = StyledTextTests.swift; sourceTree = "<group>"; };
		29BAEE0F20C339C800F283EA /* StyledTextRendererSnapshotTests.swift */ = {isa = PBXFileReference; fileEncoding = 4; lastKnownFileType = sourcecode.swift; path = StyledTextRendererSnapshotTests.swift; sourceTree = "<group>"; };
		29BAEE1020C339C800F283EA /* TextStyleTests.swift */ = {isa = PBXFileReference; fileEncoding = 4; lastKnownFileType = sourcecode.swift; path = TextStyleTests.swift; sourceTree = "<group>"; };
		29BAEE1120C339C800F283EA /* Info.plist */ = {isa = PBXFileReference; fileEncoding = 4; lastKnownFileType = text.plist.xml; path = Info.plist; sourceTree = "<group>"; };
		29BAEE1220C339C800F283EA /* StyledTextBuilderTests.swift */ = {isa = PBXFileReference; fileEncoding = 4; lastKnownFileType = sourcecode.swift; path = StyledTextBuilderTests.swift; sourceTree = "<group>"; };
		29BAEE2320C339D100F283EA /* CGImage+LRUCachable.swift */ = {isa = PBXFileReference; fileEncoding = 4; lastKnownFileType = sourcecode.swift; path = "CGImage+LRUCachable.swift"; sourceTree = "<group>"; };
		29BAEE2420C339D100F283EA /* CGSize+LRUCachable.swift */ = {isa = PBXFileReference; fileEncoding = 4; lastKnownFileType = sourcecode.swift; path = "CGSize+LRUCachable.swift"; sourceTree = "<group>"; };
		29BAEE2520C339D100F283EA /* NSAttributedStringKey+StyledText.swift */ = {isa = PBXFileReference; fileEncoding = 4; lastKnownFileType = sourcecode.swift; path = "NSAttributedStringKey+StyledText.swift"; sourceTree = "<group>"; };
		29BAEE2620C339D100F283EA /* UIContentSizeCategory+Scaling.swift */ = {isa = PBXFileReference; fileEncoding = 4; lastKnownFileType = sourcecode.swift; path = "UIContentSizeCategory+Scaling.swift"; sourceTree = "<group>"; };
		29BAEE2720C339D100F283EA /* Hashable+Combined.swift */ = {isa = PBXFileReference; fileEncoding = 4; lastKnownFileType = sourcecode.swift; path = "Hashable+Combined.swift"; sourceTree = "<group>"; };
		29BAEE2820C339D100F283EA /* LRUCache.swift */ = {isa = PBXFileReference; fileEncoding = 4; lastKnownFileType = sourcecode.swift; path = LRUCache.swift; sourceTree = "<group>"; };
		29BAEE2920C339D100F283EA /* StyledTextString.swift */ = {isa = PBXFileReference; fileEncoding = 4; lastKnownFileType = sourcecode.swift; path = StyledTextString.swift; sourceTree = "<group>"; };
		29BAEE2A20C339D100F283EA /* NSLayoutManager+Render.swift */ = {isa = PBXFileReference; fileEncoding = 4; lastKnownFileType = sourcecode.swift; path = "NSLayoutManager+Render.swift"; sourceTree = "<group>"; };
		29BAEE2B20C339D100F283EA /* CGSize+Utility.swift */ = {isa = PBXFileReference; fileEncoding = 4; lastKnownFileType = sourcecode.swift; path = "CGSize+Utility.swift"; sourceTree = "<group>"; };
		29BAEE2C20C339D100F283EA /* UIScreen+Static.swift */ = {isa = PBXFileReference; fileEncoding = 4; lastKnownFileType = sourcecode.swift; path = "UIScreen+Static.swift"; sourceTree = "<group>"; };
		29BAEE2D20C339D100F283EA /* TextStyle.swift */ = {isa = PBXFileReference; fileEncoding = 4; lastKnownFileType = sourcecode.swift; path = TextStyle.swift; sourceTree = "<group>"; };
		29BAEE2E20C339D100F283EA /* StyledTextKit.h */ = {isa = PBXFileReference; fileEncoding = 4; lastKnownFileType = sourcecode.c.h; path = StyledTextKit.h; sourceTree = "<group>"; };
		29BAEE2F20C339D100F283EA /* NSAttributedString+Trim.swift */ = {isa = PBXFileReference; fileEncoding = 4; lastKnownFileType = sourcecode.swift; path = "NSAttributedString+Trim.swift"; sourceTree = "<group>"; };
		29BAEE3020C339D100F283EA /* StyledTextRenderCacheKey.swift */ = {isa = PBXFileReference; fileEncoding = 4; lastKnownFileType = sourcecode.swift; path = StyledTextRenderCacheKey.swift; sourceTree = "<group>"; };
		29BAEE3120C339D100F283EA /* UIFont+UnionTraits.swift */ = {isa = PBXFileReference; fileEncoding = 4; lastKnownFileType = sourcecode.swift; path = "UIFont+UnionTraits.swift"; sourceTree = "<group>"; };
		29BAEE3220C339D100F283EA /* Font.swift */ = {isa = PBXFileReference; fileEncoding = 4; lastKnownFileType = sourcecode.swift; path = Font.swift; sourceTree = "<group>"; };
		29BAEE3320C339D100F283EA /* StyledTextRenderer.swift */ = {isa = PBXFileReference; fileEncoding = 4; lastKnownFileType = sourcecode.swift; path = StyledTextRenderer.swift; sourceTree = "<group>"; };
		29BAEE3420C339D100F283EA /* StyledTextBuilder.swift */ = {isa = PBXFileReference; fileEncoding = 4; lastKnownFileType = sourcecode.swift; path = StyledTextBuilder.swift; sourceTree = "<group>"; };
		29BAEE3520C339D100F283EA /* Info.plist */ = {isa = PBXFileReference; fileEncoding = 4; lastKnownFileType = text.plist.xml; path = Info.plist; sourceTree = "<group>"; };
		29BAEE3620C339D100F283EA /* StyledText.swift */ = {isa = PBXFileReference; fileEncoding = 4; lastKnownFileType = sourcecode.swift; path = StyledText.swift; sourceTree = "<group>"; };
		29BAEE3720C339D100F283EA /* StyledTextView.swift */ = {isa = PBXFileReference; fileEncoding = 4; lastKnownFileType = sourcecode.swift; path = StyledTextView.swift; sourceTree = "<group>"; };
		29BAEE4D20C33A3F00F283EA /* UIKit.framework */ = {isa = PBXFileReference; lastKnownFileType = wrapper.framework; name = UIKit.framework; path = System/Library/Frameworks/UIKit.framework; sourceTree = SDKROOT; };
		5DA9D30284894EF619A71075 /* Pods-Tests.debug.xcconfig */ = {isa = PBXFileReference; includeInIndex = 1; lastKnownFileType = text.xcconfig; name = "Pods-Tests.debug.xcconfig"; path = "Pods/Target Support Files/Pods-Tests/Pods-Tests.debug.xcconfig"; sourceTree = "<group>"; };
		660B43ECDF42D84142029C1F /* Pods-Tests.release.xcconfig */ = {isa = PBXFileReference; includeInIndex = 1; lastKnownFileType = text.xcconfig; name = "Pods-Tests.release.xcconfig"; path = "Pods/Target Support Files/Pods-Tests/Pods-Tests.release.xcconfig"; sourceTree = "<group>"; };
		73D1CEE14004B5BBA25A669D /* Pods_Tests.framework */ = {isa = PBXFileReference; explicitFileType = wrapper.framework; includeInIndex = 0; path = Pods_Tests.framework; sourceTree = BUILT_PRODUCTS_DIR; };
/* End PBXFileReference section */

/* Begin PBXFrameworksBuildPhase section */
		294F654520C38F4E0040C3FE /* Frameworks */ = {
			isa = PBXFrameworksBuildPhase;
			buildActionMask = 2147483647;
			files = (
				294F654D20C38F4E0040C3FE /* StyledTextKit.framework in Frameworks */,
				20DEC7A5869AE2DBDEBEDC3A /* Pods_Tests.framework in Frameworks */,
			);
			runOnlyForDeploymentPostprocessing = 0;
		};
		29822E0A1FE05247008532D2 /* Frameworks */ = {
			isa = PBXFrameworksBuildPhase;
			buildActionMask = 2147483647;
			files = (
			);
			runOnlyForDeploymentPostprocessing = 0;
		};
/* End PBXFrameworksBuildPhase section */

/* Begin PBXGroup section */
		1B1BDCB7B11B0E48ED17250D /* Frameworks */ = {
			isa = PBXGroup;
			children = (
				290D453620C389CF008F2CB0 /* Snap_swift.framework */,
				29BAEE4D20C33A3F00F283EA /* UIKit.framework */,
				73D1CEE14004B5BBA25A669D /* Pods_Tests.framework */,
			);
			name = Frameworks;
			sourceTree = "<group>";
		};
		29822E041FE05247008532D2 = {
			isa = PBXGroup;
			children = (
				29BAEE2220C339D100F283EA /* Source */,
				29BAEDFC20C339C800F283EA /* Tests */,
				29822E0F1FE05247008532D2 /* Products */,
				1B1BDCB7B11B0E48ED17250D /* Frameworks */,
				95F4700D258C4ACEDF147C4B /* Pods */,
			);
			sourceTree = "<group>";
		};
		29822E0F1FE05247008532D2 /* Products */ = {
			isa = PBXGroup;
			children = (
				29822E0E1FE05247008532D2 /* StyledTextKit.framework */,
				294F654820C38F4E0040C3FE /* Tests.xctest */,
			);
			name = Products;
			sourceTree = "<group>";
		};
		29BAEDFC20C339C800F283EA /* Tests */ = {
			isa = PBXGroup;
			children = (
				29BAEE1120C339C800F283EA /* Info.plist */,
				29BAEDFD20C339C800F283EA /* LRUCacheTests.swift */,
				29BAEDFF20C339C800F283EA /* snapshots */,
				29BAEE1220C339C800F283EA /* StyledTextBuilderTests.swift */,
				29BAEE0F20C339C800F283EA /* StyledTextRendererSnapshotTests.swift */,
				29BAEE0E20C339C800F283EA /* StyledTextTests.swift */,
				29BAEE1020C339C800F283EA /* TextStyleTests.swift */,
				29BAEE0D20C339C800F283EA /* UIContentSizeCategoryScalingTests.swift */,
				29BAEDFE20C339C800F283EA /* UIFontUnionTraitsTests.swift */,
			);
			path = Tests;
			sourceTree = "<group>";
		};
		29BAEDFF20C339C800F283EA /* snapshots */ = {
			isa = PBXGroup;
			children = (
				29BAEE0020C339C800F283EA /* Snap */,
			);
			path = snapshots;
			sourceTree = "<group>";
		};
		29BAEE0020C339C800F283EA /* Snap */ = {
			isa = PBXGroup;
			children = (
				29BAEE0120C339C800F283EA /* StyledTextRendererSnapshotTests */,
				29BAEE0720C339C800F283EA /* Diff */,
				29BAEE0A20C339C800F283EA /* Failed */,
			);
			path = Snap;
			sourceTree = "<group>";
		};
		29BAEE0120C339C800F283EA /* StyledTextRendererSnapshotTests */ = {
			isa = PBXGroup;
			children = (
				29BAEE0220C339C800F283EA /* reference_test_lorem_100@3x.png */,
				29BAEE0320C339C800F283EA /* reference_test_complexbuilder@3x.png */,
				29BAEE0420C339C800F283EA /* reference_test_clearbackground@3x.png */,
				29BAEE0520C339C800F283EA /* reference_test_lorem_200@3x.png */,
				29BAEE0620C339C800F283EA /* reference_test_lorem_300@3x.png */,
			);
			path = StyledTextRendererSnapshotTests;
			sourceTree = "<group>";
		};
		29BAEE0720C339C800F283EA /* Diff */ = {
			isa = PBXGroup;
			children = (
				29BAEE0820C339C800F283EA /* StyledTextRendererSnapshotTests */,
			);
			path = Diff;
			sourceTree = "<group>";
		};
		29BAEE0820C339C800F283EA /* StyledTextRendererSnapshotTests */ = {
			isa = PBXGroup;
			children = (
				29BAEE0920C339C800F283EA /* diff_test_complexbuilder@3x.png */,
			);
			path = StyledTextRendererSnapshotTests;
			sourceTree = "<group>";
		};
		29BAEE0A20C339C800F283EA /* Failed */ = {
			isa = PBXGroup;
			children = (
				29BAEE0B20C339C800F283EA /* StyledTextRendererSnapshotTests */,
			);
			path = Failed;
			sourceTree = "<group>";
		};
		29BAEE0B20C339C800F283EA /* StyledTextRendererSnapshotTests */ = {
			isa = PBXGroup;
			children = (
				29BAEE0C20C339C800F283EA /* failed_test_complexbuilder@3x.png */,
			);
			path = StyledTextRendererSnapshotTests;
			sourceTree = "<group>";
		};
		29BAEE2220C339D100F283EA /* Source */ = {
			isa = PBXGroup;
			children = (
				29BAEE2320C339D100F283EA /* CGImage+LRUCachable.swift */,
				29BAEE2420C339D100F283EA /* CGSize+LRUCachable.swift */,
				29BAEE2B20C339D100F283EA /* CGSize+Utility.swift */,
				29BAEE3220C339D100F283EA /* Font.swift */,
				29BAEE2720C339D100F283EA /* Hashable+Combined.swift */,
				29BAEE3520C339D100F283EA /* Info.plist */,
				29BAEE2820C339D100F283EA /* LRUCache.swift */,
				29BAEE2F20C339D100F283EA /* NSAttributedString+Trim.swift */,
				29BAEE2520C339D100F283EA /* NSAttributedStringKey+StyledText.swift */,
				29BAEE2A20C339D100F283EA /* NSLayoutManager+Render.swift */,
				29BAEE3620C339D100F283EA /* StyledText.swift */,
				29BAEE3420C339D100F283EA /* StyledTextBuilder.swift */,
				29BAEE2E20C339D100F283EA /* StyledTextKit.h */,
				29BAEE3020C339D100F283EA /* StyledTextRenderCacheKey.swift */,
				29BAEE3320C339D100F283EA /* StyledTextRenderer.swift */,
				29BAEE2920C339D100F283EA /* StyledTextString.swift */,
				29BAEE3720C339D100F283EA /* StyledTextView.swift */,
				29BAEE2D20C339D100F283EA /* TextStyle.swift */,
				29BAEE2620C339D100F283EA /* UIContentSizeCategory+Scaling.swift */,
				29BAEE3120C339D100F283EA /* UIFont+UnionTraits.swift */,
				29BAEE2C20C339D100F283EA /* UIScreen+Static.swift */,
			);
			path = Source;
			sourceTree = "<group>";
		};
		95F4700D258C4ACEDF147C4B /* Pods */ = {
			isa = PBXGroup;
			children = (
				5DA9D30284894EF619A71075 /* Pods-Tests.debug.xcconfig */,
				660B43ECDF42D84142029C1F /* Pods-Tests.release.xcconfig */,
			);
			name = Pods;
			sourceTree = "<group>";
		};
/* End PBXGroup section */

/* Begin PBXHeadersBuildPhase section */
		29822E0B1FE05247008532D2 /* Headers */ = {
			isa = PBXHeadersBuildPhase;
			buildActionMask = 2147483647;
			files = (
				29BAEE4320C339D100F283EA /* StyledTextKit.h in Headers */,
			);
			runOnlyForDeploymentPostprocessing = 0;
		};
/* End PBXHeadersBuildPhase section */

/* Begin PBXNativeTarget section */
		294F654720C38F4E0040C3FE /* Tests */ = {
			isa = PBXNativeTarget;
			buildConfigurationList = 294F655020C38F4E0040C3FE /* Build configuration list for PBXNativeTarget "Tests" */;
			buildPhases = (
				2CAD3D44394A87BF7671E7F4 /* [CP] Check Pods Manifest.lock */,
				294F654420C38F4E0040C3FE /* Sources */,
				294F654520C38F4E0040C3FE /* Frameworks */,
				294F654620C38F4E0040C3FE /* Resources */,
				37D47A1158BFA886389EB6FA /* [CP] Embed Pods Frameworks */,
			);
			buildRules = (
			);
			dependencies = (
				294F654F20C38F4E0040C3FE /* PBXTargetDependency */,
			);
			name = Tests;
			productName = Tests;
			productReference = 294F654820C38F4E0040C3FE /* Tests.xctest */;
			productType = "com.apple.product-type.bundle.unit-test";
		};
		29822E0D1FE05247008532D2 /* StyledTextKit */ = {
			isa = PBXNativeTarget;
			buildConfigurationList = 29822E161FE05247008532D2 /* Build configuration list for PBXNativeTarget "StyledTextKit" */;
			buildPhases = (
				29822E091FE05247008532D2 /* Sources */,
				29822E0A1FE05247008532D2 /* Frameworks */,
				29822E0B1FE05247008532D2 /* Headers */,
				29822E0C1FE05247008532D2 /* Resources */,
			);
			buildRules = (
			);
			dependencies = (
			);
			name = StyledTextKit;
			productName = StyledText;
			productReference = 29822E0E1FE05247008532D2 /* StyledTextKit.framework */;
			productType = "com.apple.product-type.framework";
		};
/* End PBXNativeTarget section */

/* Begin PBXProject section */
		29822E051FE05247008532D2 /* Project object */ = {
			isa = PBXProject;
			attributes = {
				LastSwiftUpdateCheck = 0940;
				LastUpgradeCheck = 0940;
				ORGANIZATIONNAME = "Ryan Nystrom";
				TargetAttributes = {
					294F654720C38F4E0040C3FE = {
						CreatedOnToolsVersion = 9.4;
						ProvisioningStyle = Manual;
					};
					29822E0D1FE05247008532D2 = {
						CreatedOnToolsVersion = 9.2;
						LastSwiftMigration = 0920;
						ProvisioningStyle = Manual;
					};
				};
			};
			buildConfigurationList = 29822E081FE05247008532D2 /* Build configuration list for PBXProject "StyledTextKit" */;
			compatibilityVersion = "Xcode 8.0";
			developmentRegion = en;
			hasScannedForEncodings = 0;
			knownRegions = (
				en,
			);
			mainGroup = 29822E041FE05247008532D2;
			productRefGroup = 29822E0F1FE05247008532D2 /* Products */;
			projectDirPath = "";
			projectRoot = "";
			targets = (
				29822E0D1FE05247008532D2 /* StyledTextKit */,
				294F654720C38F4E0040C3FE /* Tests */,
			);
		};
/* End PBXProject section */

/* Begin PBXResourcesBuildPhase section */
		294F654620C38F4E0040C3FE /* Resources */ = {
			isa = PBXResourcesBuildPhase;
			buildActionMask = 2147483647;
			files = (
			);
			runOnlyForDeploymentPostprocessing = 0;
		};
		29822E0C1FE05247008532D2 /* Resources */ = {
			isa = PBXResourcesBuildPhase;
			buildActionMask = 2147483647;
			files = (
			);
			runOnlyForDeploymentPostprocessing = 0;
		};
/* End PBXResourcesBuildPhase section */

/* Begin PBXShellScriptBuildPhase section */
		2CAD3D44394A87BF7671E7F4 /* [CP] Check Pods Manifest.lock */ = {
			isa = PBXShellScriptBuildPhase;
			buildActionMask = 2147483647;
			files = (
			);
			inputPaths = (
				"${PODS_PODFILE_DIR_PATH}/Podfile.lock",
				"${PODS_ROOT}/Manifest.lock",
			);
			name = "[CP] Check Pods Manifest.lock";
			outputPaths = (
				"$(DERIVED_FILE_DIR)/Pods-Tests-checkManifestLockResult.txt",
			);
			runOnlyForDeploymentPostprocessing = 0;
			shellPath = /bin/sh;
			shellScript = "diff \"${PODS_PODFILE_DIR_PATH}/Podfile.lock\" \"${PODS_ROOT}/Manifest.lock\" > /dev/null\nif [ $? != 0 ] ; then\n    # print error to STDERR\n    echo \"error: The sandbox is not in sync with the Podfile.lock. Run 'pod install' or update your CocoaPods installation.\" >&2\n    exit 1\nfi\n# This output is used by Xcode 'outputs' to avoid re-running this script phase.\necho \"SUCCESS\" > \"${SCRIPT_OUTPUT_FILE_0}\"\n";
			showEnvVarsInLog = 0;
		};
		37D47A1158BFA886389EB6FA /* [CP] Embed Pods Frameworks */ = {
			isa = PBXShellScriptBuildPhase;
			buildActionMask = 2147483647;
			files = (
			);
			inputPaths = (
				"${SRCROOT}/Pods/Target Support Files/Pods-Tests/Pods-Tests-frameworks.sh",
				"${BUILT_PRODUCTS_DIR}/Snap.swift/Snap_swift.framework",
			);
			name = "[CP] Embed Pods Frameworks";
			outputPaths = (
				"${TARGET_BUILD_DIR}/${FRAMEWORKS_FOLDER_PATH}/Snap_swift.framework",
			);
			runOnlyForDeploymentPostprocessing = 0;
			shellPath = /bin/sh;
			shellScript = "\"${SRCROOT}/Pods/Target Support Files/Pods-Tests/Pods-Tests-frameworks.sh\"\n";
			showEnvVarsInLog = 0;
		};
/* End PBXShellScriptBuildPhase section */

/* Begin PBXSourcesBuildPhase section */
		294F654420C38F4E0040C3FE /* Sources */ = {
			isa = PBXSourcesBuildPhase;
			buildActionMask = 2147483647;
			files = (
				29693EE020FA9A4C00336200 /* TextStyleTests.swift in Sources */,
				29693EE220FA9A4C00336200 /* UIFontUnionTraitsTests.swift in Sources */,
				29693EE320FA9A4E00336200 /* LRUCacheTests.swift in Sources */,
				29693EE120FA9A4C00336200 /* UIContentSizeCategoryScalingTests.swift in Sources */,
				29693EDE20FA9A4C00336200 /* StyledTextRendererSnapshotTests.swift in Sources */,
				29693EDF20FA9A4C00336200 /* StyledTextTests.swift in Sources */,
				29693EDD20FA9A4C00336200 /* StyledTextBuilderTests.swift in Sources */,
			);
			runOnlyForDeploymentPostprocessing = 0;
		};
		29822E091FE05247008532D2 /* Sources */ = {
			isa = PBXSourcesBuildPhase;
			buildActionMask = 2147483647;
			files = (
				29BAEE3D20C339D100F283EA /* LRUCache.swift in Sources */,
				29BAEE4920C339D100F283EA /* StyledTextBuilder.swift in Sources */,
				29BAEE4220C339D100F283EA /* TextStyle.swift in Sources */,
				29BAEE4B20C339D100F283EA /* StyledText.swift in Sources */,
				29BAEE4720C339D100F283EA /* Font.swift in Sources */,
				29BAEE4520C339D100F283EA /* StyledTextRenderCacheKey.swift in Sources */,
				29BAEE4820C339D100F283EA /* StyledTextRenderer.swift in Sources */,
				29BAEE4620C339D100F283EA /* UIFont+UnionTraits.swift in Sources */,
				29BAEE3B20C339D100F283EA /* UIContentSizeCategory+Scaling.swift in Sources */,
				29BAEE3E20C339D100F283EA /* StyledTextString.swift in Sources */,
				29BAEE3820C339D100F283EA /* CGImage+LRUCachable.swift in Sources */,
				29BAEE4C20C339D100F283EA /* StyledTextView.swift in Sources */,
				29BAEE3F20C339D100F283EA /* NSLayoutManager+Render.swift in Sources */,
				29BAEE4020C339D100F283EA /* CGSize+Utility.swift in Sources */,
				29BAEE3920C339D100F283EA /* CGSize+LRUCachable.swift in Sources */,
				29BAEE4120C339D100F283EA /* UIScreen+Static.swift in Sources */,
				29BAEE3A20C339D100F283EA /* NSAttributedStringKey+StyledText.swift in Sources */,
				29BAEE3C20C339D100F283EA /* Hashable+Combined.swift in Sources */,
				29BAEE4420C339D100F283EA /* NSAttributedString+Trim.swift in Sources */,
			);
			runOnlyForDeploymentPostprocessing = 0;
		};
/* End PBXSourcesBuildPhase section */

/* Begin PBXTargetDependency section */
		294F654F20C38F4E0040C3FE /* PBXTargetDependency */ = {
			isa = PBXTargetDependency;
			target = 29822E0D1FE05247008532D2 /* StyledTextKit */;
			targetProxy = 294F654E20C38F4E0040C3FE /* PBXContainerItemProxy */;
		};
/* End PBXTargetDependency section */

/* Begin XCBuildConfiguration section */
		294F655120C38F4E0040C3FE /* Debug */ = {
			isa = XCBuildConfiguration;
			baseConfigurationReference = 5DA9D30284894EF619A71075 /* Pods-Tests.debug.xcconfig */;
			buildSettings = {
				CLANG_ENABLE_OBJC_WEAK = YES;
				CODE_SIGN_STYLE = Manual;
				DEVELOPMENT_TEAM = "";
				INFOPLIST_FILE = Tests/Info.plist;
				IPHONEOS_DEPLOYMENT_TARGET = 11.4;
				LD_RUNPATH_SEARCH_PATHS = "$(inherited) @executable_path/Frameworks @loader_path/Frameworks";
				PRODUCT_BUNDLE_IDENTIFIER = com.whoisryannystrom.Tests;
				PRODUCT_NAME = "$(TARGET_NAME)";
				PROVISIONING_PROFILE_SPECIFIER = "";
				SWIFT_VERSION = 4.0;
				TARGETED_DEVICE_FAMILY = "1,2";
			};
			name = Debug;
		};
		294F655220C38F4E0040C3FE /* Release */ = {
			isa = XCBuildConfiguration;
			baseConfigurationReference = 660B43ECDF42D84142029C1F /* Pods-Tests.release.xcconfig */;
			buildSettings = {
				CLANG_ENABLE_OBJC_WEAK = YES;
				CODE_SIGN_STYLE = Manual;
				DEVELOPMENT_TEAM = "";
				INFOPLIST_FILE = Tests/Info.plist;
				IPHONEOS_DEPLOYMENT_TARGET = 11.4;
				LD_RUNPATH_SEARCH_PATHS = "$(inherited) @executable_path/Frameworks @loader_path/Frameworks";
				PRODUCT_BUNDLE_IDENTIFIER = com.whoisryannystrom.Tests;
				PRODUCT_NAME = "$(TARGET_NAME)";
				PROVISIONING_PROFILE_SPECIFIER = "";
				SWIFT_VERSION = 4.0;
				TARGETED_DEVICE_FAMILY = "1,2";
			};
			name = Release;
		};
		29822E141FE05247008532D2 /* Debug */ = {
			isa = XCBuildConfiguration;
			buildSettings = {
				ALWAYS_SEARCH_USER_PATHS = NO;
				CLANG_ANALYZER_NONNULL = YES;
				CLANG_ANALYZER_NUMBER_OBJECT_CONVERSION = YES_AGGRESSIVE;
				CLANG_CXX_LANGUAGE_STANDARD = "gnu++14";
				CLANG_CXX_LIBRARY = "libc++";
				CLANG_ENABLE_MODULES = YES;
				CLANG_ENABLE_OBJC_ARC = YES;
				CLANG_WARN_BLOCK_CAPTURE_AUTORELEASING = YES;
				CLANG_WARN_BOOL_CONVERSION = YES;
				CLANG_WARN_COMMA = YES;
				CLANG_WARN_CONSTANT_CONVERSION = YES;
				CLANG_WARN_DEPRECATED_OBJC_IMPLEMENTATIONS = YES;
				CLANG_WARN_DIRECT_OBJC_ISA_USAGE = YES_ERROR;
				CLANG_WARN_DOCUMENTATION_COMMENTS = YES;
				CLANG_WARN_EMPTY_BODY = YES;
				CLANG_WARN_ENUM_CONVERSION = YES;
				CLANG_WARN_INFINITE_RECURSION = YES;
				CLANG_WARN_INT_CONVERSION = YES;
				CLANG_WARN_NON_LITERAL_NULL_CONVERSION = YES;
				CLANG_WARN_OBJC_IMPLICIT_RETAIN_SELF = YES;
				CLANG_WARN_OBJC_LITERAL_CONVERSION = YES;
				CLANG_WARN_OBJC_ROOT_CLASS = YES_ERROR;
				CLANG_WARN_RANGE_LOOP_ANALYSIS = YES;
				CLANG_WARN_STRICT_PROTOTYPES = YES;
				CLANG_WARN_SUSPICIOUS_MOVE = YES;
				CLANG_WARN_UNGUARDED_AVAILABILITY = YES_AGGRESSIVE;
				CLANG_WARN_UNREACHABLE_CODE = YES;
				CLANG_WARN__DUPLICATE_METHOD_MATCH = YES;
				CODE_SIGN_IDENTITY = "iPhone Developer";
				COPY_PHASE_STRIP = NO;
				CURRENT_PROJECT_VERSION = 1;
				DEBUG_INFORMATION_FORMAT = dwarf;
				ENABLE_STRICT_OBJC_MSGSEND = YES;
				ENABLE_TESTABILITY = YES;
				GCC_C_LANGUAGE_STANDARD = gnu11;
				GCC_DYNAMIC_NO_PIC = NO;
				GCC_NO_COMMON_BLOCKS = YES;
				GCC_OPTIMIZATION_LEVEL = 0;
				GCC_PREPROCESSOR_DEFINITIONS = (
					"DEBUG=1",
					"$(inherited)",
				);
				GCC_WARN_64_TO_32_BIT_CONVERSION = YES;
				GCC_WARN_ABOUT_RETURN_TYPE = YES_ERROR;
				GCC_WARN_UNDECLARED_SELECTOR = YES;
				GCC_WARN_UNINITIALIZED_AUTOS = YES_AGGRESSIVE;
				GCC_WARN_UNUSED_FUNCTION = YES;
				GCC_WARN_UNUSED_VARIABLE = YES;
				IPHONEOS_DEPLOYMENT_TARGET = 11.2;
				MTL_ENABLE_DEBUG_INFO = YES;
				ONLY_ACTIVE_ARCH = YES;
				SDKROOT = iphoneos;
				SWIFT_ACTIVE_COMPILATION_CONDITIONS = DEBUG;
				SWIFT_OPTIMIZATION_LEVEL = "-Onone";
				VERSIONING_SYSTEM = "apple-generic";
				VERSION_INFO_PREFIX = "";
			};
			name = Debug;
		};
		29822E151FE05247008532D2 /* Release */ = {
			isa = XCBuildConfiguration;
			buildSettings = {
				ALWAYS_SEARCH_USER_PATHS = NO;
				CLANG_ANALYZER_NONNULL = YES;
				CLANG_ANALYZER_NUMBER_OBJECT_CONVERSION = YES_AGGRESSIVE;
				CLANG_CXX_LANGUAGE_STANDARD = "gnu++14";
				CLANG_CXX_LIBRARY = "libc++";
				CLANG_ENABLE_MODULES = YES;
				CLANG_ENABLE_OBJC_ARC = YES;
				CLANG_WARN_BLOCK_CAPTURE_AUTORELEASING = YES;
				CLANG_WARN_BOOL_CONVERSION = YES;
				CLANG_WARN_COMMA = YES;
				CLANG_WARN_CONSTANT_CONVERSION = YES;
				CLANG_WARN_DEPRECATED_OBJC_IMPLEMENTATIONS = YES;
				CLANG_WARN_DIRECT_OBJC_ISA_USAGE = YES_ERROR;
				CLANG_WARN_DOCUMENTATION_COMMENTS = YES;
				CLANG_WARN_EMPTY_BODY = YES;
				CLANG_WARN_ENUM_CONVERSION = YES;
				CLANG_WARN_INFINITE_RECURSION = YES;
				CLANG_WARN_INT_CONVERSION = YES;
				CLANG_WARN_NON_LITERAL_NULL_CONVERSION = YES;
				CLANG_WARN_OBJC_IMPLICIT_RETAIN_SELF = YES;
				CLANG_WARN_OBJC_LITERAL_CONVERSION = YES;
				CLANG_WARN_OBJC_ROOT_CLASS = YES_ERROR;
				CLANG_WARN_RANGE_LOOP_ANALYSIS = YES;
				CLANG_WARN_STRICT_PROTOTYPES = YES;
				CLANG_WARN_SUSPICIOUS_MOVE = YES;
				CLANG_WARN_UNGUARDED_AVAILABILITY = YES_AGGRESSIVE;
				CLANG_WARN_UNREACHABLE_CODE = YES;
				CLANG_WARN__DUPLICATE_METHOD_MATCH = YES;
				CODE_SIGN_IDENTITY = "iPhone Developer";
				COPY_PHASE_STRIP = NO;
				CURRENT_PROJECT_VERSION = 1;
				DEBUG_INFORMATION_FORMAT = "dwarf-with-dsym";
				ENABLE_NS_ASSERTIONS = NO;
				ENABLE_STRICT_OBJC_MSGSEND = YES;
				GCC_C_LANGUAGE_STANDARD = gnu11;
				GCC_NO_COMMON_BLOCKS = YES;
				GCC_WARN_64_TO_32_BIT_CONVERSION = YES;
				GCC_WARN_ABOUT_RETURN_TYPE = YES_ERROR;
				GCC_WARN_UNDECLARED_SELECTOR = YES;
				GCC_WARN_UNINITIALIZED_AUTOS = YES_AGGRESSIVE;
				GCC_WARN_UNUSED_FUNCTION = YES;
				GCC_WARN_UNUSED_VARIABLE = YES;
				IPHONEOS_DEPLOYMENT_TARGET = 11.2;
				MTL_ENABLE_DEBUG_INFO = NO;
				SDKROOT = iphoneos;
				SWIFT_OPTIMIZATION_LEVEL = "-Owholemodule";
				VALIDATE_PRODUCT = YES;
				VERSIONING_SYSTEM = "apple-generic";
				VERSION_INFO_PREFIX = "";
			};
			name = Release;
		};
		29822E171FE05247008532D2 /* Debug */ = {
			isa = XCBuildConfiguration;
			buildSettings = {
				CLANG_ENABLE_MODULES = YES;
				CODE_SIGN_IDENTITY = "";
				CODE_SIGN_STYLE = Manual;
				DEFINES_MODULE = YES;
				DEVELOPMENT_TEAM = "";
				DYLIB_COMPATIBILITY_VERSION = 1;
				DYLIB_CURRENT_VERSION = 1;
				DYLIB_INSTALL_NAME_BASE = "@rpath";
				INFOPLIST_FILE = Source/Info.plist;
				INSTALL_PATH = "$(LOCAL_LIBRARY_DIR)/Frameworks";
				IPHONEOS_DEPLOYMENT_TARGET = 10.0;
				LD_RUNPATH_SEARCH_PATHS = "$(inherited) @executable_path/Frameworks @loader_path/Frameworks";
				PRODUCT_BUNDLE_IDENTIFIER = com.whoisryannystrom.StyledText;
				PRODUCT_NAME = "$(TARGET_NAME:c99extidentifier)";
				PROVISIONING_PROFILE_SPECIFIER = "";
				SKIP_INSTALL = YES;
				SWIFT_OPTIMIZATION_LEVEL = "-Onone";
				SWIFT_VERSION = 4.0;
				TARGETED_DEVICE_FAMILY = "1,2";
			};
			name = Debug;
		};
		29822E181FE05247008532D2 /* Release */ = {
			isa = XCBuildConfiguration;
			buildSettings = {
				CLANG_ENABLE_MODULES = YES;
				CODE_SIGN_IDENTITY = "";
				CODE_SIGN_STYLE = Manual;
				DEFINES_MODULE = YES;
				DEVELOPMENT_TEAM = "";
				DYLIB_COMPATIBILITY_VERSION = 1;
				DYLIB_CURRENT_VERSION = 1;
				DYLIB_INSTALL_NAME_BASE = "@rpath";
				INFOPLIST_FILE = Source/Info.plist;
				INSTALL_PATH = "$(LOCAL_LIBRARY_DIR)/Frameworks";
				IPHONEOS_DEPLOYMENT_TARGET = 10.0;
				LD_RUNPATH_SEARCH_PATHS = "$(inherited) @executable_path/Frameworks @loader_path/Frameworks";
				PRODUCT_BUNDLE_IDENTIFIER = com.whoisryannystrom.StyledText;
				PRODUCT_NAME = "$(TARGET_NAME:c99extidentifier)";
				PROVISIONING_PROFILE_SPECIFIER = "";
				SKIP_INSTALL = YES;
				SWIFT_VERSION = 4.0;
				TARGETED_DEVICE_FAMILY = "1,2";
			};
			name = Release;
		};
/* End XCBuildConfiguration section */

/* Begin XCConfigurationList section */
		294F655020C38F4E0040C3FE /* Build configuration list for PBXNativeTarget "Tests" */ = {
			isa = XCConfigurationList;
			buildConfigurations = (
				294F655120C38F4E0040C3FE /* Debug */,
				294F655220C38F4E0040C3FE /* Release */,
			);
			defaultConfigurationIsVisible = 0;
			defaultConfigurationName = Release;
		};
		29822E081FE05247008532D2 /* Build configuration list for PBXProject "StyledTextKit" */ = {
			isa = XCConfigurationList;
			buildConfigurations = (
				29822E141FE05247008532D2 /* Debug */,
				29822E151FE05247008532D2 /* Release */,
			);
			defaultConfigurationIsVisible = 0;
			defaultConfigurationName = Release;
		};
		29822E161FE05247008532D2 /* Build configuration list for PBXNativeTarget "StyledTextKit" */ = {
			isa = XCConfigurationList;
			buildConfigurations = (
				29822E171FE05247008532D2 /* Debug */,
				29822E181FE05247008532D2 /* Release */,
			);
			defaultConfigurationIsVisible = 0;
			defaultConfigurationName = Release;
		};
/* End XCConfigurationList section */
	};
	rootObject = 29822E051FE05247008532D2 /* Project object */;
}
