// !$*UTF8*$!
{
	archiveVersion = 1;
	classes = {
	};
	objectVersion = 48;
	objects = {

/* Begin PBXBuildFile section */
		20DEC7A5869AE2DBDEBEDC3A /* Pods_Tests.framework in Frameworks */ = {isa = PBXBuildFile; fileRef = 73D1CEE14004B5BBA25A669D /* Pods_Tests.framework */; };
		294129BA22AC58A200B9BC5D /* StyledTextStringTests.swift in Sources */ = {isa = PBXBuildFile; fileRef = 294129B922AC58A200B9BC5D /* StyledTextStringTests.swift */; };
		294F654D20C38F4E0040C3FE /* StyledTextKit.framework in Frameworks */ = {isa = PBXBuildFile; fileRef = 29822E0E1FE05247008532D2 /* StyledTextKit.framework */; };
		29B20609217C15B200E4DD9F /* octoface@3x.png in Resources */ = {isa = PBXBuildFile; fileRef = 29B20607217C15B200E4DD9F /* octoface@3x.png */; };
		29B2060A217C15B200E4DD9F /* octoface@2x.png in Resources */ = {isa = PBXBuildFile; fileRef = 29B20608217C15B200E4DD9F /* octoface@2x.png */; };
		29BAEE3820C339D100F283EA /* CGImage+LRUCachable.swift in Sources */ = {isa = PBXBuildFile; fileRef = 29BAEE2320C339D100F283EA /* CGImage+LRUCachable.swift */; };
		29BAEE3920C339D100F283EA /* CGSize+LRUCachable.swift in Sources */ = {isa = PBXBuildFile; fileRef = 29BAEE2420C339D100F283EA /* CGSize+LRUCachable.swift */; };
		29BAEE3A20C339D100F283EA /* NSAttributedStringKey+StyledText.swift in Sources */ = {isa = PBXBuildFile; fileRef = 29BAEE2520C339D100F283EA /* NSAttributedStringKey+StyledText.swift */; };
		29BAEE3B20C339D100F283EA /* UIContentSizeCategory+Scaling.swift in Sources */ = {isa = PBXBuildFile; fileRef = 29BAEE2620C339D100F283EA /* UIContentSizeCategory+Scaling.swift */; };
		29BAEE3C20C339D100F283EA /* Hashable+Combined.swift in Sources */ = {isa = PBXBuildFile; fileRef = 29BAEE2720C339D100F283EA /* Hashable+Combined.swift */; };
		29BAEE3D20C339D100F283EA /* LRUCache.swift in Sources */ = {isa = PBXBuildFile; fileRef = 29BAEE2820C339D100F283EA /* LRUCache.swift */; };
		29BAEE3E20C339D100F283EA /* StyledTextString.swift in Sources */ = {isa = PBXBuildFile; fileRef = 29BAEE2920C339D100F283EA /* StyledTextString.swift */; };
		29BAEE3F20C339D100F283EA /* NSLayoutManager+Render.swift in Sources */ = {isa = PBXBuildFile; fileRef = 29BAEE2A20C339D100F283EA /* NSLayoutManager+Render.swift */; };
		29BAEE4020C339D100F283EA /* CGSize+Utility.swift in Sources */ = {isa = PBXBuildFile; fileRef = 29BAEE2B20C339D100F283EA /* CGSize+Utility.swift */; };
		29BAEE4120C339D100F283EA /* UIScreen+Static.swift in Sources */ = {isa = PBXBuildFile; fileRef = 29BAEE2C20C339D100F283EA /* UIScreen+Static.swift */; };
		29BAEE4220C339D100F283EA /* TextStyle.swift in Sources */ = {isa = PBXBuildFile; fileRef = 29BAEE2D20C339D100F283EA /* TextStyle.swift */; };
		29BAEE4320C339D100F283EA /* StyledTextKit.h in Headers */ = {isa = PBXBuildFile; fileRef = 29BAEE2E20C339D100F283EA /* StyledTextKit.h */; settings = {ATTRIBUTES = (Public, ); }; };
		29BAEE4420C339D100F283EA /* NSAttributedString+Trim.swift in Sources */ = {isa = PBXBuildFile; fileRef = 29BAEE2F20C339D100F283EA /* NSAttributedString+Trim.swift */; };
		29BAEE4520C339D100F283EA /* StyledTextRenderCacheKey.swift in Sources */ = {isa = PBXBuildFile; fileRef = 29BAEE3020C339D100F283EA /* StyledTextRenderCacheKey.swift */; };
		29BAEE4720C339D100F283EA /* Font.swift in Sources */ = {isa = PBXBuildFile; fileRef = 29BAEE3220C339D100F283EA /* Font.swift */; };
		29BAEE4820C339D100F283EA /* StyledTextRenderer.swift in Sources */ = {isa = PBXBuildFile; fileRef = 29BAEE3320C339D100F283EA /* StyledTextRenderer.swift */; };
		29BAEE4920C339D100F283EA /* StyledTextBuilder.swift in Sources */ = {isa = PBXBuildFile; fileRef = 29BAEE3420C339D100F283EA /* StyledTextBuilder.swift */; };
		29BAEE4B20C339D100F283EA /* StyledText.swift in Sources */ = {isa = PBXBuildFile; fileRef = 29BAEE3620C339D100F283EA /* StyledText.swift */; };
		29BAEE4C20C339D100F283EA /* StyledTextView.swift in Sources */ = {isa = PBXBuildFile; fileRef = 29BAEE3720C339D100F283EA /* StyledTextView.swift */; };
		29D7C5E822AD797E005BDC17 /* NSAttributedStringAttributesType.swift in Sources */ = {isa = PBXBuildFile; fileRef = 29D7C5E722AD797E005BDC17 /* NSAttributedStringAttributesType.swift */; };
		3D4040F520F40F2B00ED4B3D /* StyledTextBuilderTests.swift in Sources */ = {isa = PBXBuildFile; fileRef = 29BAEE1220C339C800F283EA /* StyledTextBuilderTests.swift */; };
		3D931C8520F412FC0090FFFB /* StyledTextRendererSnapshotTests.swift in Sources */ = {isa = PBXBuildFile; fileRef = 29BAEE0F20C339C800F283EA /* StyledTextRendererSnapshotTests.swift */; };
		3D931C8620F412FF0090FFFB /* StyledTextTests.swift in Sources */ = {isa = PBXBuildFile; fileRef = 29BAEE0E20C339C800F283EA /* StyledTextTests.swift */; };
		3D931C8720F413010090FFFB /* TextStyleTests.swift in Sources */ = {isa = PBXBuildFile; fileRef = 29BAEE1020C339C800F283EA /* TextStyleTests.swift */; };
		3D931C8A20F4130B0090FFFB /* LRUCacheTests.swift in Sources */ = {isa = PBXBuildFile; fileRef = 29BAEDFD20C339C800F283EA /* LRUCacheTests.swift */; };
		D9C656C0216B05DE00B02C6D /* UITests.swift in Sources */ = {isa = PBXBuildFile; fileRef = D9C656BF216B05DE00B02C6D /* UITests.swift */; };
		D9C656CC216B05F700B02C6D /* AppDelegate.swift in Sources */ = {isa = PBXBuildFile; fileRef = D9C656CB216B05F700B02C6D /* AppDelegate.swift */; };
		D9C656CE216B05F700B02C6D /* ViewController.swift in Sources */ = {isa = PBXBuildFile; fileRef = D9C656CD216B05F700B02C6D /* ViewController.swift */; };
		D9C656D1216B05F700B02C6D /* Main.storyboard in Resources */ = {isa = PBXBuildFile; fileRef = D9C656CF216B05F700B02C6D /* Main.storyboard */; };
		D9C656D3216B05FC00B02C6D /* Assets.xcassets in Resources */ = {isa = PBXBuildFile; fileRef = D9C656D2216B05FC00B02C6D /* Assets.xcassets */; };
		D9C656D6216B05FC00B02C6D /* LaunchScreen.storyboard in Resources */ = {isa = PBXBuildFile; fileRef = D9C656D4216B05FC00B02C6D /* LaunchScreen.storyboard */; };
		D9C656E7216B0FB400B02C6D /* StyledTextKit.framework in Frameworks */ = {isa = PBXBuildFile; fileRef = 29822E0E1FE05247008532D2 /* StyledTextKit.framework */; };
		D9C656E8216B0FB400B02C6D /* StyledTextKit.framework in Embed Frameworks */ = {isa = PBXBuildFile; fileRef = 29822E0E1FE05247008532D2 /* StyledTextKit.framework */; settings = {ATTRIBUTES = (CodeSignOnCopy, RemoveHeadersOnCopy, ); }; };
/* End PBXBuildFile section */

/* Begin PBXContainerItemProxy section */
		294F654E20C38F4E0040C3FE /* PBXContainerItemProxy */ = {
			isa = PBXContainerItemProxy;
			containerPortal = 29822E051FE05247008532D2 /* Project object */;
			proxyType = 1;
			remoteGlobalIDString = 29822E0D1FE05247008532D2;
			remoteInfo = StyledTextKit;
		};
		D9C656DB216B0C6900B02C6D /* PBXContainerItemProxy */ = {
			isa = PBXContainerItemProxy;
			containerPortal = 29822E051FE05247008532D2 /* Project object */;
			proxyType = 1;
			remoteGlobalIDString = D9C656C8216B05F700B02C6D;
			remoteInfo = UITestsApp;
		};
		D9C656E9216B0FB400B02C6D /* PBXContainerItemProxy */ = {
			isa = PBXContainerItemProxy;
			containerPortal = 29822E051FE05247008532D2 /* Project object */;
			proxyType = 1;
			remoteGlobalIDString = 29822E0D1FE05247008532D2;
			remoteInfo = StyledTextKit;
		};
/* End PBXContainerItemProxy section */

/* Begin PBXCopyFilesBuildPhase section */
		D9C656EB216B0FB500B02C6D /* Embed Frameworks */ = {
			isa = PBXCopyFilesBuildPhase;
			buildActionMask = 2147483647;
			dstPath = "";
			dstSubfolderSpec = 10;
			files = (
				D9C656E8216B0FB400B02C6D /* StyledTextKit.framework in Embed Frameworks */,
			);
			name = "Embed Frameworks";
			runOnlyForDeploymentPostprocessing = 0;
		};
/* End PBXCopyFilesBuildPhase section */

/* Begin PBXFileReference section */
		290D453620C389CF008F2CB0 /* Snap_swift.framework */ = {isa = PBXFileReference; explicitFileType = wrapper.framework; path = Snap_swift.framework; sourceTree = BUILT_PRODUCTS_DIR; };
		294129B922AC58A200B9BC5D /* StyledTextStringTests.swift */ = {isa = PBXFileReference; lastKnownFileType = sourcecode.swift; path = StyledTextStringTests.swift; sourceTree = "<group>"; };
		294F654820C38F4E0040C3FE /* Tests.xctest */ = {isa = PBXFileReference; explicitFileType = wrapper.cfbundle; includeInIndex = 0; path = Tests.xctest; sourceTree = BUILT_PRODUCTS_DIR; };
		29822E0E1FE05247008532D2 /* StyledTextKit.framework */ = {isa = PBXFileReference; explicitFileType = wrapper.framework; includeInIndex = 0; path = StyledTextKit.framework; sourceTree = BUILT_PRODUCTS_DIR; };
		29B20607217C15B200E4DD9F /* octoface@3x.png */ = {isa = PBXFileReference; lastKnownFileType = image.png; path = "octoface@3x.png"; sourceTree = "<group>"; };
		29B20608217C15B200E4DD9F /* octoface@2x.png */ = {isa = PBXFileReference; lastKnownFileType = image.png; path = "octoface@2x.png"; sourceTree = "<group>"; };
		29BAEDFD20C339C800F283EA /* LRUCacheTests.swift */ = {isa = PBXFileReference; fileEncoding = 4; lastKnownFileType = sourcecode.swift; path = LRUCacheTests.swift; sourceTree = "<group>"; };
		29BAEE0E20C339C800F283EA /* StyledTextTests.swift */ = {isa = PBXFileReference; fileEncoding = 4; lastKnownFileType = sourcecode.swift; path = StyledTextTests.swift; sourceTree = "<group>"; };
		29BAEE0F20C339C800F283EA /* StyledTextRendererSnapshotTests.swift */ = {isa = PBXFileReference; fileEncoding = 4; lastKnownFileType = sourcecode.swift; path = StyledTextRendererSnapshotTests.swift; sourceTree = "<group>"; };
		29BAEE1020C339C800F283EA /* TextStyleTests.swift */ = {isa = PBXFileReference; fileEncoding = 4; lastKnownFileType = sourcecode.swift; path = TextStyleTests.swift; sourceTree = "<group>"; };
		29BAEE1120C339C800F283EA /* Info.plist */ = {isa = PBXFileReference; fileEncoding = 4; lastKnownFileType = text.plist.xml; path = Info.plist; sourceTree = "<group>"; };
		29BAEE1220C339C800F283EA /* StyledTextBuilderTests.swift */ = {isa = PBXFileReference; fileEncoding = 4; lastKnownFileType = sourcecode.swift; path = StyledTextBuilderTests.swift; sourceTree = "<group>"; };
		29BAEE2320C339D100F283EA /* CGImage+LRUCachable.swift */ = {isa = PBXFileReference; fileEncoding = 4; lastKnownFileType = sourcecode.swift; path = "CGImage+LRUCachable.swift"; sourceTree = "<group>"; };
		29BAEE2420C339D100F283EA /* CGSize+LRUCachable.swift */ = {isa = PBXFileReference; fileEncoding = 4; lastKnownFileType = sourcecode.swift; path = "CGSize+LRUCachable.swift"; sourceTree = "<group>"; };
		29BAEE2520C339D100F283EA /* NSAttributedStringKey+StyledText.swift */ = {isa = PBXFileReference; fileEncoding = 4; lastKnownFileType = sourcecode.swift; path = "NSAttributedStringKey+StyledText.swift"; sourceTree = "<group>"; };
		29BAEE2620C339D100F283EA /* UIContentSizeCategory+Scaling.swift */ = {isa = PBXFileReference; fileEncoding = 4; lastKnownFileType = sourcecode.swift; path = "UIContentSizeCategory+Scaling.swift"; sourceTree = "<group>"; };
		29BAEE2720C339D100F283EA /* Hashable+Combined.swift */ = {isa = PBXFileReference; fileEncoding = 4; lastKnownFileType = sourcecode.swift; path = "Hashable+Combined.swift"; sourceTree = "<group>"; };
		29BAEE2820C339D100F283EA /* LRUCache.swift */ = {isa = PBXFileReference; fileEncoding = 4; lastKnownFileType = sourcecode.swift; path = LRUCache.swift; sourceTree = "<group>"; };
		29BAEE2920C339D100F283EA /* StyledTextString.swift */ = {isa = PBXFileReference; fileEncoding = 4; lastKnownFileType = sourcecode.swift; path = StyledTextString.swift; sourceTree = "<group>"; };
		29BAEE2A20C339D100F283EA /* NSLayoutManager+Render.swift */ = {isa = PBXFileReference; fileEncoding = 4; lastKnownFileType = sourcecode.swift; path = "NSLayoutManager+Render.swift"; sourceTree = "<group>"; };
		29BAEE2B20C339D100F283EA /* CGSize+Utility.swift */ = {isa = PBXFileReference; fileEncoding = 4; lastKnownFileType = sourcecode.swift; path = "CGSize+Utility.swift"; sourceTree = "<group>"; };
		29BAEE2C20C339D100F283EA /* UIScreen+Static.swift */ = {isa = PBXFileReference; fileEncoding = 4; lastKnownFileType = sourcecode.swift; path = "UIScreen+Static.swift"; sourceTree = "<group>"; };
		29BAEE2D20C339D100F283EA /* TextStyle.swift */ = {isa = PBXFileReference; fileEncoding = 4; lastKnownFileType = sourcecode.swift; path = TextStyle.swift; sourceTree = "<group>"; };
		29BAEE2E20C339D100F283EA /* StyledTextKit.h */ = {isa = PBXFileReference; fileEncoding = 4; lastKnownFileType = sourcecode.c.h; path = StyledTextKit.h; sourceTree = "<group>"; };
		29BAEE2F20C339D100F283EA /* NSAttributedString+Trim.swift */ = {isa = PBXFileReference; fileEncoding = 4; lastKnownFileType = sourcecode.swift; path = "NSAttributedString+Trim.swift"; sourceTree = "<group>"; };
		29BAEE3020C339D100F283EA /* StyledTextRenderCacheKey.swift */ = {isa = PBXFileReference; fileEncoding = 4; lastKnownFileType = sourcecode.swift; path = StyledTextRenderCacheKey.swift; sourceTree = "<group>"; };
		29BAEE3220C339D100F283EA /* Font.swift */ = {isa = PBXFileReference; fileEncoding = 4; lastKnownFileType = sourcecode.swift; path = Font.swift; sourceTree = "<group>"; };
		29BAEE3320C339D100F283EA /* StyledTextRenderer.swift */ = {isa = PBXFileReference; fileEncoding = 4; lastKnownFileType = sourcecode.swift; path = StyledTextRenderer.swift; sourceTree = "<group>"; };
		29BAEE3420C339D100F283EA /* StyledTextBuilder.swift */ = {isa = PBXFileReference; fileEncoding = 4; lastKnownFileType = sourcecode.swift; path = StyledTextBuilder.swift; sourceTree = "<group>"; };
		29BAEE3520C339D100F283EA /* Info.plist */ = {isa = PBXFileReference; fileEncoding = 4; lastKnownFileType = text.plist.xml; path = Info.plist; sourceTree = "<group>"; };
		29BAEE3620C339D100F283EA /* StyledText.swift */ = {isa = PBXFileReference; fileEncoding = 4; lastKnownFileType = sourcecode.swift; path = StyledText.swift; sourceTree = "<group>"; };
		29BAEE3720C339D100F283EA /* StyledTextView.swift */ = {isa = PBXFileReference; fileEncoding = 4; lastKnownFileType = sourcecode.swift; path = StyledTextView.swift; sourceTree = "<group>"; };
		29BAEE4D20C33A3F00F283EA /* UIKit.framework */ = {isa = PBXFileReference; lastKnownFileType = wrapper.framework; name = UIKit.framework; path = System/Library/Frameworks/UIKit.framework; sourceTree = SDKROOT; };
		29D7C5E722AD797E005BDC17 /* NSAttributedStringAttributesType.swift */ = {isa = PBXFileReference; lastKnownFileType = sourcecode.swift; path = NSAttributedStringAttributesType.swift; sourceTree = "<group>"; };
		5DA9D30284894EF619A71075 /* Pods-Tests.debug.xcconfig */ = {isa = PBXFileReference; includeInIndex = 1; lastKnownFileType = text.xcconfig; name = "Pods-Tests.debug.xcconfig"; path = "Pods/Target Support Files/Pods-Tests/Pods-Tests.debug.xcconfig"; sourceTree = "<group>"; };
		660B43ECDF42D84142029C1F /* Pods-Tests.release.xcconfig */ = {isa = PBXFileReference; includeInIndex = 1; lastKnownFileType = text.xcconfig; name = "Pods-Tests.release.xcconfig"; path = "Pods/Target Support Files/Pods-Tests/Pods-Tests.release.xcconfig"; sourceTree = "<group>"; };
		73D1CEE14004B5BBA25A669D /* Pods_Tests.framework */ = {isa = PBXFileReference; explicitFileType = wrapper.framework; includeInIndex = 0; path = Pods_Tests.framework; sourceTree = BUILT_PRODUCTS_DIR; };
		D9C656BD216B05DE00B02C6D /* UITests.xctest */ = {isa = PBXFileReference; explicitFileType = wrapper.cfbundle; includeInIndex = 0; path = UITests.xctest; sourceTree = BUILT_PRODUCTS_DIR; };
		D9C656BF216B05DE00B02C6D /* UITests.swift */ = {isa = PBXFileReference; lastKnownFileType = sourcecode.swift; path = UITests.swift; sourceTree = "<group>"; };
		D9C656C1216B05DE00B02C6D /* Info.plist */ = {isa = PBXFileReference; lastKnownFileType = text.plist.xml; path = Info.plist; sourceTree = "<group>"; };
		D9C656C9216B05F700B02C6D /* UITestsApp.app */ = {isa = PBXFileReference; explicitFileType = wrapper.application; includeInIndex = 0; path = UITestsApp.app; sourceTree = BUILT_PRODUCTS_DIR; };
		D9C656CB216B05F700B02C6D /* AppDelegate.swift */ = {isa = PBXFileReference; lastKnownFileType = sourcecode.swift; path = AppDelegate.swift; sourceTree = "<group>"; };
		D9C656CD216B05F700B02C6D /* ViewController.swift */ = {isa = PBXFileReference; lastKnownFileType = sourcecode.swift; path = ViewController.swift; sourceTree = "<group>"; };
		D9C656D0216B05F700B02C6D /* Base */ = {isa = PBXFileReference; lastKnownFileType = file.storyboard; name = Base; path = Base.lproj/Main.storyboard; sourceTree = "<group>"; };
		D9C656D2216B05FC00B02C6D /* Assets.xcassets */ = {isa = PBXFileReference; lastKnownFileType = folder.assetcatalog; path = Assets.xcassets; sourceTree = "<group>"; };
		D9C656D5216B05FC00B02C6D /* Base */ = {isa = PBXFileReference; lastKnownFileType = file.storyboard; name = Base; path = Base.lproj/LaunchScreen.storyboard; sourceTree = "<group>"; };
		D9C656D7216B05FC00B02C6D /* Info.plist */ = {isa = PBXFileReference; lastKnownFileType = text.plist.xml; path = Info.plist; sourceTree = "<group>"; };
/* End PBXFileReference section */

/* Begin PBXFrameworksBuildPhase section */
		294F654520C38F4E0040C3FE /* Frameworks */ = {
			isa = PBXFrameworksBuildPhase;
			buildActionMask = 2147483647;
			files = (
				294F654D20C38F4E0040C3FE /* StyledTextKit.framework in Frameworks */,
				20DEC7A5869AE2DBDEBEDC3A /* Pods_Tests.framework in Frameworks */,
			);
			runOnlyForDeploymentPostprocessing = 0;
		};
		29822E0A1FE05247008532D2 /* Frameworks */ = {
			isa = PBXFrameworksBuildPhase;
			buildActionMask = 2147483647;
			files = (
			);
			runOnlyForDeploymentPostprocessing = 0;
		};
		D9C656BA216B05DE00B02C6D /* Frameworks */ = {
			isa = PBXFrameworksBuildPhase;
			buildActionMask = 2147483647;
			files = (
			);
			runOnlyForDeploymentPostprocessing = 0;
		};
		D9C656C6216B05F700B02C6D /* Frameworks */ = {
			isa = PBXFrameworksBuildPhase;
			buildActionMask = 2147483647;
			files = (
				D9C656E7216B0FB400B02C6D /* StyledTextKit.framework in Frameworks */,
			);
			runOnlyForDeploymentPostprocessing = 0;
		};
/* End PBXFrameworksBuildPhase section */

/* Begin PBXGroup section */
		1B1BDCB7B11B0E48ED17250D /* Frameworks */ = {
			isa = PBXGroup;
			children = (
				290D453620C389CF008F2CB0 /* Snap_swift.framework */,
				29BAEE4D20C33A3F00F283EA /* UIKit.framework */,
				73D1CEE14004B5BBA25A669D /* Pods_Tests.framework */,
			);
			name = Frameworks;
			sourceTree = "<group>";
		};
		29822E041FE05247008532D2 = {
			isa = PBXGroup;
			children = (
				29BAEE2220C339D100F283EA /* Source */,
				29BAEDFC20C339C800F283EA /* Tests */,
				D9C656BE216B05DE00B02C6D /* UITests */,
				D9C656CA216B05F700B02C6D /* UITestsApp */,
				29822E0F1FE05247008532D2 /* Products */,
				1B1BDCB7B11B0E48ED17250D /* Frameworks */,
				95F4700D258C4ACEDF147C4B /* Pods */,
			);
			sourceTree = "<group>";
		};
		29822E0F1FE05247008532D2 /* Products */ = {
			isa = PBXGroup;
			children = (
				29822E0E1FE05247008532D2 /* StyledTextKit.framework */,
				294F654820C38F4E0040C3FE /* Tests.xctest */,
				D9C656BD216B05DE00B02C6D /* UITests.xctest */,
				D9C656C9216B05F700B02C6D /* UITestsApp.app */,
			);
			name = Products;
			sourceTree = "<group>";
		};
		29BAEDFC20C339C800F283EA /* Tests */ = {
			isa = PBXGroup;
			children = (
				29B20608217C15B200E4DD9F /* octoface@2x.png */,
				29B20607217C15B200E4DD9F /* octoface@3x.png */,
				29BAEE1120C339C800F283EA /* Info.plist */,
				29BAEDFD20C339C800F283EA /* LRUCacheTests.swift */,
				29BAEE1220C339C800F283EA /* StyledTextBuilderTests.swift */,
				29BAEE0F20C339C800F283EA /* StyledTextRendererSnapshotTests.swift */,
				29BAEE0E20C339C800F283EA /* StyledTextTests.swift */,
				29BAEE1020C339C800F283EA /* TextStyleTests.swift */,
				294129B922AC58A200B9BC5D /* StyledTextStringTests.swift */,
			);
			path = Tests;
			sourceTree = "<group>";
		};
		29BAEE2220C339D100F283EA /* Source */ = {
			isa = PBXGroup;
			children = (
				29BAEE2320C339D100F283EA /* CGImage+LRUCachable.swift */,
				29BAEE2420C339D100F283EA /* CGSize+LRUCachable.swift */,
				29BAEE2B20C339D100F283EA /* CGSize+Utility.swift */,
				29BAEE3220C339D100F283EA /* Font.swift */,
				29BAEE2720C339D100F283EA /* Hashable+Combined.swift */,
				29BAEE3520C339D100F283EA /* Info.plist */,
				29BAEE2820C339D100F283EA /* LRUCache.swift */,
				29BAEE2F20C339D100F283EA /* NSAttributedString+Trim.swift */,
				29BAEE2520C339D100F283EA /* NSAttributedStringKey+StyledText.swift */,
				29BAEE2A20C339D100F283EA /* NSLayoutManager+Render.swift */,
				29BAEE3620C339D100F283EA /* StyledText.swift */,
				29BAEE3420C339D100F283EA /* StyledTextBuilder.swift */,
				29BAEE2E20C339D100F283EA /* StyledTextKit.h */,
				29BAEE3020C339D100F283EA /* StyledTextRenderCacheKey.swift */,
				29BAEE3320C339D100F283EA /* StyledTextRenderer.swift */,
				29BAEE2920C339D100F283EA /* StyledTextString.swift */,
				29BAEE3720C339D100F283EA /* StyledTextView.swift */,
				29BAEE2D20C339D100F283EA /* TextStyle.swift */,
				29BAEE2620C339D100F283EA /* UIContentSizeCategory+Scaling.swift */,
				29BAEE2C20C339D100F283EA /* UIScreen+Static.swift */,
				29D7C5E722AD797E005BDC17 /* NSAttributedStringAttributesType.swift */,
			);
			path = Source;
			sourceTree = "<group>";
		};
		95F4700D258C4ACEDF147C4B /* Pods */ = {
			isa = PBXGroup;
			children = (
				5DA9D30284894EF619A71075 /* Pods-Tests.debug.xcconfig */,
				660B43ECDF42D84142029C1F /* Pods-Tests.release.xcconfig */,
			);
			name = Pods;
			sourceTree = "<group>";
		};
		D9C656BE216B05DE00B02C6D /* UITests */ = {
			isa = PBXGroup;
			children = (
				D9C656BF216B05DE00B02C6D /* UITests.swift */,
				D9C656C1216B05DE00B02C6D /* Info.plist */,
			);
			path = UITests;
			sourceTree = "<group>";
		};
		D9C656CA216B05F700B02C6D /* UITestsApp */ = {
			isa = PBXGroup;
			children = (
				D9C656CB216B05F700B02C6D /* AppDelegate.swift */,
				D9C656CD216B05F700B02C6D /* ViewController.swift */,
				D9C656CF216B05F700B02C6D /* Main.storyboard */,
				D9C656D2216B05FC00B02C6D /* Assets.xcassets */,
				D9C656D4216B05FC00B02C6D /* LaunchScreen.storyboard */,
				D9C656D7216B05FC00B02C6D /* Info.plist */,
			);
			path = UITestsApp;
			sourceTree = "<group>";
		};
/* End PBXGroup section */

/* Begin PBXHeadersBuildPhase section */
		29822E0B1FE05247008532D2 /* Headers */ = {
			isa = PBXHeadersBuildPhase;
			buildActionMask = 2147483647;
			files = (
				29BAEE4320C339D100F283EA /* StyledTextKit.h in Headers */,
			);
			runOnlyForDeploymentPostprocessing = 0;
		};
/* End PBXHeadersBuildPhase section */

/* Begin PBXNativeTarget section */
		294F654720C38F4E0040C3FE /* Tests */ = {
			isa = PBXNativeTarget;
			buildConfigurationList = 294F655020C38F4E0040C3FE /* Build configuration list for PBXNativeTarget "Tests" */;
			buildPhases = (
				2CAD3D44394A87BF7671E7F4 /* [CP] Check Pods Manifest.lock */,
				294F654420C38F4E0040C3FE /* Sources */,
				294F654520C38F4E0040C3FE /* Frameworks */,
				294F654620C38F4E0040C3FE /* Resources */,
				37D47A1158BFA886389EB6FA /* [CP] Embed Pods Frameworks */,
			);
			buildRules = (
			);
			dependencies = (
				294F654F20C38F4E0040C3FE /* PBXTargetDependency */,
			);
			name = Tests;
			productName = Tests;
			productReference = 294F654820C38F4E0040C3FE /* Tests.xctest */;
			productType = "com.apple.product-type.bundle.unit-test";
		};
		29822E0D1FE05247008532D2 /* StyledTextKit */ = {
			isa = PBXNativeTarget;
			buildConfigurationList = 29822E161FE05247008532D2 /* Build configuration list for PBXNativeTarget "StyledTextKit" */;
			buildPhases = (
				29822E091FE05247008532D2 /* Sources */,
				29822E0A1FE05247008532D2 /* Frameworks */,
				29822E0B1FE05247008532D2 /* Headers */,
				29822E0C1FE05247008532D2 /* Resources */,
			);
			buildRules = (
			);
			dependencies = (
			);
			name = StyledTextKit;
			productName = StyledText;
			productReference = 29822E0E1FE05247008532D2 /* StyledTextKit.framework */;
			productType = "com.apple.product-type.framework";
		};
		D9C656BC216B05DE00B02C6D /* UITests */ = {
			isa = PBXNativeTarget;
			buildConfigurationList = D9C656C4216B05DE00B02C6D /* Build configuration list for PBXNativeTarget "UITests" */;
			buildPhases = (
				D9C656B9216B05DE00B02C6D /* Sources */,
				D9C656BA216B05DE00B02C6D /* Frameworks */,
				D9C656BB216B05DE00B02C6D /* Resources */,
			);
			buildRules = (
			);
			dependencies = (
				D9C656DC216B0C6900B02C6D /* PBXTargetDependency */,
			);
			name = UITests;
			productName = UITests;
			productReference = D9C656BD216B05DE00B02C6D /* UITests.xctest */;
			productType = "com.apple.product-type.bundle.ui-testing";
		};
		D9C656C8216B05F700B02C6D /* UITestsApp */ = {
			isa = PBXNativeTarget;
			buildConfigurationList = D9C656D8216B05FC00B02C6D /* Build configuration list for PBXNativeTarget "UITestsApp" */;
			buildPhases = (
				D9C656C5216B05F700B02C6D /* Sources */,
				D9C656C6216B05F700B02C6D /* Frameworks */,
				D9C656C7216B05F700B02C6D /* Resources */,
				D9C656EB216B0FB500B02C6D /* Embed Frameworks */,
			);
			buildRules = (
			);
			dependencies = (
				D9C656EA216B0FB400B02C6D /* PBXTargetDependency */,
			);
			name = UITestsApp;
			productName = UITestsApp;
			productReference = D9C656C9216B05F700B02C6D /* UITestsApp.app */;
			productType = "com.apple.product-type.application";
		};
/* End PBXNativeTarget section */

/* Begin PBXProject section */
		29822E051FE05247008532D2 /* Project object */ = {
			isa = PBXProject;
			attributes = {
				LastSwiftUpdateCheck = 1000;
				LastUpgradeCheck = 0940;
				ORGANIZATIONNAME = "Ryan Nystrom";
				TargetAttributes = {
					294F654720C38F4E0040C3FE = {
						CreatedOnToolsVersion = 9.4;
						LastSwiftMigration = 1020;
						ProvisioningStyle = Manual;
					};
					29822E0D1FE05247008532D2 = {
						CreatedOnToolsVersion = 9.2;
						LastSwiftMigration = 1020;
						ProvisioningStyle = Manual;
					};
					D9C656BC216B05DE00B02C6D = {
						CreatedOnToolsVersion = 10.0;
						LastSwiftMigration = 1020;
						ProvisioningStyle = Automatic;
						TestTargetID = D9C656C8216B05F700B02C6D;
					};
					D9C656C8216B05F700B02C6D = {
						CreatedOnToolsVersion = 10.0;
						LastSwiftMigration = 1020;
						ProvisioningStyle = Automatic;
					};
				};
			};
			buildConfigurationList = 29822E081FE05247008532D2 /* Build configuration list for PBXProject "StyledTextKit" */;
			compatibilityVersion = "Xcode 8.0";
			developmentRegion = en;
			hasScannedForEncodings = 0;
			knownRegions = (
				en,
				Base,
			);
			mainGroup = 29822E041FE05247008532D2;
			productRefGroup = 29822E0F1FE05247008532D2 /* Products */;
			projectDirPath = "";
			projectRoot = "";
			targets = (
				29822E0D1FE05247008532D2 /* StyledTextKit */,
				294F654720C38F4E0040C3FE /* Tests */,
				D9C656BC216B05DE00B02C6D /* UITests */,
				D9C656C8216B05F700B02C6D /* UITestsApp */,
			);
		};
/* End PBXProject section */

/* Begin PBXResourcesBuildPhase section */
		294F654620C38F4E0040C3FE /* Resources */ = {
			isa = PBXResourcesBuildPhase;
			buildActionMask = 2147483647;
			files = (
				29B2060A217C15B200E4DD9F /* octoface@2x.png in Resources */,
				29B20609217C15B200E4DD9F /* octoface@3x.png in Resources */,
			);
			runOnlyForDeploymentPostprocessing = 0;
		};
		29822E0C1FE05247008532D2 /* Resources */ = {
			isa = PBXResourcesBuildPhase;
			buildActionMask = 2147483647;
			files = (
			);
			runOnlyForDeploymentPostprocessing = 0;
		};
		D9C656BB216B05DE00B02C6D /* Resources */ = {
			isa = PBXResourcesBuildPhase;
			buildActionMask = 2147483647;
			files = (
			);
			runOnlyForDeploymentPostprocessing = 0;
		};
		D9C656C7216B05F700B02C6D /* Resources */ = {
			isa = PBXResourcesBuildPhase;
			buildActionMask = 2147483647;
			files = (
				D9C656D6216B05FC00B02C6D /* LaunchScreen.storyboard in Resources */,
				D9C656D3216B05FC00B02C6D /* Assets.xcassets in Resources */,
				D9C656D1216B05F700B02C6D /* Main.storyboard in Resources */,
			);
			runOnlyForDeploymentPostprocessing = 0;
		};
/* End PBXResourcesBuildPhase section */

/* Begin PBXShellScriptBuildPhase section */
		2CAD3D44394A87BF7671E7F4 /* [CP] Check Pods Manifest.lock */ = {
			isa = PBXShellScriptBuildPhase;
			buildActionMask = 2147483647;
			files = (
			);
			inputPaths = (
				"${PODS_PODFILE_DIR_PATH}/Podfile.lock",
				"${PODS_ROOT}/Manifest.lock",
			);
			name = "[CP] Check Pods Manifest.lock";
			outputPaths = (
				"$(DERIVED_FILE_DIR)/Pods-Tests-checkManifestLockResult.txt",
			);
			runOnlyForDeploymentPostprocessing = 0;
			shellPath = /bin/sh;
			shellScript = "diff \"${PODS_PODFILE_DIR_PATH}/Podfile.lock\" \"${PODS_ROOT}/Manifest.lock\" > /dev/null\nif [ $? != 0 ] ; then\n    # print error to STDERR\n    echo \"error: The sandbox is not in sync with the Podfile.lock. Run 'pod install' or update your CocoaPods installation.\" >&2\n    exit 1\nfi\n# This output is used by Xcode 'outputs' to avoid re-running this script phase.\necho \"SUCCESS\" > \"${SCRIPT_OUTPUT_FILE_0}\"\n";
			showEnvVarsInLog = 0;
		};
		37D47A1158BFA886389EB6FA /* [CP] Embed Pods Frameworks */ = {
			isa = PBXShellScriptBuildPhase;
			buildActionMask = 2147483647;
			files = (
			);
			inputPaths = (
				"${PODS_ROOT}/Target Support Files/Pods-Tests/Pods-Tests-frameworks.sh",
				"${BUILT_PRODUCTS_DIR}/iOSSnapshotTestCase/FBSnapshotTestCase.framework",
			);
			name = "[CP] Embed Pods Frameworks";
			outputPaths = (
				"${TARGET_BUILD_DIR}/${FRAMEWORKS_FOLDER_PATH}/FBSnapshotTestCase.framework",
			);
			runOnlyForDeploymentPostprocessing = 0;
			shellPath = /bin/sh;
			shellScript = "\"${PODS_ROOT}/Target Support Files/Pods-Tests/Pods-Tests-frameworks.sh\"\n";
			showEnvVarsInLog = 0;
		};
/* End PBXShellScriptBuildPhase section */

/* Begin PBXSourcesBuildPhase section */
		294F654420C38F4E0040C3FE /* Sources */ = {
			isa = PBXSourcesBuildPhase;
			buildActionMask = 2147483647;
			files = (
				3D931C8720F413010090FFFB /* TextStyleTests.swift in Sources */,
				3D931C8A20F4130B0090FFFB /* LRUCacheTests.swift in Sources */,
				3D931C8520F412FC0090FFFB /* StyledTextRendererSnapshotTests.swift in Sources */,
				3D931C8620F412FF0090FFFB /* StyledTextTests.swift in Sources */,
				3D4040F520F40F2B00ED4B3D /* StyledTextBuilderTests.swift in Sources */,
				294129BA22AC58A200B9BC5D /* StyledTextStringTests.swift in Sources */,
			);
			runOnlyForDeploymentPostprocessing = 0;
		};
		29822E091FE05247008532D2 /* Sources */ = {
			isa = PBXSourcesBuildPhase;
			buildActionMask = 2147483647;
			files = (
				29BAEE3D20C339D100F283EA /* LRUCache.swift in Sources */,
				29BAEE4920C339D100F283EA /* StyledTextBuilder.swift in Sources */,
				29BAEE4220C339D100F283EA /* TextStyle.swift in Sources */,
				29BAEE4B20C339D100F283EA /* StyledText.swift in Sources */,
				29BAEE4720C339D100F283EA /* Font.swift in Sources */,
				29BAEE4520C339D100F283EA /* StyledTextRenderCacheKey.swift in Sources */,
				29BAEE4820C339D100F283EA /* StyledTextRenderer.swift in Sources */,
				29BAEE3B20C339D100F283EA /* UIContentSizeCategory+Scaling.swift in Sources */,
				29BAEE3E20C339D100F283EA /* StyledTextString.swift in Sources */,
				29BAEE3820C339D100F283EA /* CGImage+LRUCachable.swift in Sources */,
				29BAEE4C20C339D100F283EA /* StyledTextView.swift in Sources */,
				29BAEE3F20C339D100F283EA /* NSLayoutManager+Render.swift in Sources */,
				29BAEE4020C339D100F283EA /* CGSize+Utility.swift in Sources */,
				29D7C5E822AD797E005BDC17 /* NSAttributedStringAttributesType.swift in Sources */,
				29BAEE3920C339D100F283EA /* CGSize+LRUCachable.swift in Sources */,
				29BAEE4120C339D100F283EA /* UIScreen+Static.swift in Sources */,
				29BAEE3A20C339D100F283EA /* NSAttributedStringKey+StyledText.swift in Sources */,
				29BAEE3C20C339D100F283EA /* Hashable+Combined.swift in Sources */,
				29BAEE4420C339D100F283EA /* NSAttributedString+Trim.swift in Sources */,
			);
			runOnlyForDeploymentPostprocessing = 0;
		};
		D9C656B9216B05DE00B02C6D /* Sources */ = {
			isa = PBXSourcesBuildPhase;
			buildActionMask = 2147483647;
			files = (
				D9C656C0216B05DE00B02C6D /* UITests.swift in Sources */,
			);
			runOnlyForDeploymentPostprocessing = 0;
		};
		D9C656C5216B05F700B02C6D /* Sources */ = {
			isa = PBXSourcesBuildPhase;
			buildActionMask = 2147483647;
			files = (
				D9C656CE216B05F700B02C6D /* ViewController.swift in Sources */,
				D9C656CC216B05F700B02C6D /* AppDelegate.swift in Sources */,
			);
			runOnlyForDeploymentPostprocessing = 0;
		};
/* End PBXSourcesBuildPhase section */

/* Begin PBXTargetDependency section */
		294F654F20C38F4E0040C3FE /* PBXTargetDependency */ = {
			isa = PBXTargetDependency;
			target = 29822E0D1FE05247008532D2 /* StyledTextKit */;
			targetProxy = 294F654E20C38F4E0040C3FE /* PBXContainerItemProxy */;
		};
		D9C656DC216B0C6900B02C6D /* PBXTargetDependency */ = {
			isa = PBXTargetDependency;
			target = D9C656C8216B05F700B02C6D /* UITestsApp */;
			targetProxy = D9C656DB216B0C6900B02C6D /* PBXContainerItemProxy */;
		};
		D9C656EA216B0FB400B02C6D /* PBXTargetDependency */ = {
			isa = PBXTargetDependency;
			target = 29822E0D1FE05247008532D2 /* StyledTextKit */;
			targetProxy = D9C656E9216B0FB400B02C6D /* PBXContainerItemProxy */;
		};
/* End PBXTargetDependency section */

/* Begin PBXVariantGroup section */
		D9C656CF216B05F700B02C6D /* Main.storyboard */ = {
			isa = PBXVariantGroup;
			children = (
				D9C656D0216B05F700B02C6D /* Base */,
			);
			name = Main.storyboard;
			sourceTree = "<group>";
		};
		D9C656D4216B05FC00B02C6D /* LaunchScreen.storyboard */ = {
			isa = PBXVariantGroup;
			children = (
				D9C656D5216B05FC00B02C6D /* Base */,
			);
			name = LaunchScreen.storyboard;
			sourceTree = "<group>";
		};
/* End PBXVariantGroup section */

/* Begin XCBuildConfiguration section */
		294F655120C38F4E0040C3FE /* Debug */ = {
			isa = XCBuildConfiguration;
			baseConfigurationReference = 5DA9D30284894EF619A71075 /* Pods-Tests.debug.xcconfig */;
			buildSettings = {
				CLANG_ENABLE_OBJC_WEAK = YES;
				CODE_SIGN_STYLE = Manual;
				DEVELOPMENT_TEAM = "";
				INFOPLIST_FILE = Tests/Info.plist;
				IPHONEOS_DEPLOYMENT_TARGET = 11.4;
				LD_RUNPATH_SEARCH_PATHS = "$(inherited) @executable_path/Frameworks @loader_path/Frameworks";
				PRODUCT_BUNDLE_IDENTIFIER = com.whoisryannystrom.Tests;
				PRODUCT_NAME = "$(TARGET_NAME)";
				PROVISIONING_PROFILE_SPECIFIER = "";
				SWIFT_OBJC_BRIDGING_HEADER = "";
				SWIFT_VERSION = 5.0;
				TARGETED_DEVICE_FAMILY = "1,2";
			};
			name = Debug;
		};
		294F655220C38F4E0040C3FE /* Release */ = {
			isa = XCBuildConfiguration;
			baseConfigurationReference = 660B43ECDF42D84142029C1F /* Pods-Tests.release.xcconfig */;
			buildSettings = {
				CLANG_ENABLE_OBJC_WEAK = YES;
				CODE_SIGN_STYLE = Manual;
				DEVELOPMENT_TEAM = "";
				INFOPLIST_FILE = Tests/Info.plist;
				IPHONEOS_DEPLOYMENT_TARGET = 11.4;
				LD_RUNPATH_SEARCH_PATHS = "$(inherited) @executable_path/Frameworks @loader_path/Frameworks";
				PRODUCT_BUNDLE_IDENTIFIER = com.whoisryannystrom.Tests;
				PRODUCT_NAME = "$(TARGET_NAME)";
				PROVISIONING_PROFILE_SPECIFIER = "";
				SWIFT_OBJC_BRIDGING_HEADER = "";
				SWIFT_VERSION = 5.0;
				TARGETED_DEVICE_FAMILY = "1,2";
			};
			name = Release;
		};
		29822E141FE05247008532D2 /* Debug */ = {
			isa = XCBuildConfiguration;
			buildSettings = {
				ALWAYS_SEARCH_USER_PATHS = NO;
				CLANG_ANALYZER_NONNULL = YES;
				CLANG_ANALYZER_NUMBER_OBJECT_CONVERSION = YES_AGGRESSIVE;
				CLANG_CXX_LANGUAGE_STANDARD = "gnu++14";
				CLANG_CXX_LIBRARY = "libc++";
				CLANG_ENABLE_MODULES = YES;
				CLANG_ENABLE_OBJC_ARC = YES;
				CLANG_WARN_BLOCK_CAPTURE_AUTORELEASING = YES;
				CLANG_WARN_BOOL_CONVERSION = YES;
				CLANG_WARN_COMMA = YES;
				CLANG_WARN_CONSTANT_CONVERSION = YES;
				CLANG_WARN_DEPRECATED_OBJC_IMPLEMENTATIONS = YES;
				CLANG_WARN_DIRECT_OBJC_ISA_USAGE = YES_ERROR;
				CLANG_WARN_DOCUMENTATION_COMMENTS = YES;
				CLANG_WARN_EMPTY_BODY = YES;
				CLANG_WARN_ENUM_CONVERSION = YES;
				CLANG_WARN_INFINITE_RECURSION = YES;
				CLANG_WARN_INT_CONVERSION = YES;
				CLANG_WARN_NON_LITERAL_NULL_CONVERSION = YES;
				CLANG_WARN_OBJC_IMPLICIT_RETAIN_SELF = YES;
				CLANG_WARN_OBJC_LITERAL_CONVERSION = YES;
				CLANG_WARN_OBJC_ROOT_CLASS = YES_ERROR;
				CLANG_WARN_RANGE_LOOP_ANALYSIS = YES;
				CLANG_WARN_STRICT_PROTOTYPES = YES;
				CLANG_WARN_SUSPICIOUS_MOVE = YES;
				CLANG_WARN_UNGUARDED_AVAILABILITY = YES_AGGRESSIVE;
				CLANG_WARN_UNREACHABLE_CODE = YES;
				CLANG_WARN__DUPLICATE_METHOD_MATCH = YES;
				CODE_SIGN_IDENTITY = "iPhone Developer";
				COPY_PHASE_STRIP = NO;
				CURRENT_PROJECT_VERSION = 1;
				DEBUG_INFORMATION_FORMAT = dwarf;
				ENABLE_STRICT_OBJC_MSGSEND = YES;
				ENABLE_TESTABILITY = YES;
				GCC_C_LANGUAGE_STANDARD = gnu11;
				GCC_DYNAMIC_NO_PIC = NO;
				GCC_NO_COMMON_BLOCKS = YES;
				GCC_OPTIMIZATION_LEVEL = 0;
				GCC_PREPROCESSOR_DEFINITIONS = (
					"DEBUG=1",
					"$(inherited)",
				);
				GCC_WARN_64_TO_32_BIT_CONVERSION = YES;
				GCC_WARN_ABOUT_RETURN_TYPE = YES_ERROR;
				GCC_WARN_UNDECLARED_SELECTOR = YES;
				GCC_WARN_UNINITIALIZED_AUTOS = YES_AGGRESSIVE;
				GCC_WARN_UNUSED_FUNCTION = YES;
				GCC_WARN_UNUSED_VARIABLE = YES;
				IPHONEOS_DEPLOYMENT_TARGET = 10.0;
				MTL_ENABLE_DEBUG_INFO = YES;
				ONLY_ACTIVE_ARCH = YES;
				SDKROOT = iphoneos;
				SWIFT_ACTIVE_COMPILATION_CONDITIONS = DEBUG;
				SWIFT_OPTIMIZATION_LEVEL = "-Onone";
				VERSIONING_SYSTEM = "apple-generic";
				VERSION_INFO_PREFIX = "";
			};
			name = Debug;
		};
		29822E151FE05247008532D2 /* Release */ = {
			isa = XCBuildConfiguration;
			buildSettings = {
				ALWAYS_SEARCH_USER_PATHS = NO;
				CLANG_ANALYZER_NONNULL = YES;
				CLANG_ANALYZER_NUMBER_OBJECT_CONVERSION = YES_AGGRESSIVE;
				CLANG_CXX_LANGUAGE_STANDARD = "gnu++14";
				CLANG_CXX_LIBRARY = "libc++";
				CLANG_ENABLE_MODULES = YES;
				CLANG_ENABLE_OBJC_ARC = YES;
				CLANG_WARN_BLOCK_CAPTURE_AUTORELEASING = YES;
				CLANG_WARN_BOOL_CONVERSION = YES;
				CLANG_WARN_COMMA = YES;
				CLANG_WARN_CONSTANT_CONVERSION = YES;
				CLANG_WARN_DEPRECATED_OBJC_IMPLEMENTATIONS = YES;
				CLANG_WARN_DIRECT_OBJC_ISA_USAGE = YES_ERROR;
				CLANG_WARN_DOCUMENTATION_COMMENTS = YES;
				CLANG_WARN_EMPTY_BODY = YES;
				CLANG_WARN_ENUM_CONVERSION = YES;
				CLANG_WARN_INFINITE_RECURSION = YES;
				CLANG_WARN_INT_CONVERSION = YES;
				CLANG_WARN_NON_LITERAL_NULL_CONVERSION = YES;
				CLANG_WARN_OBJC_IMPLICIT_RETAIN_SELF = YES;
				CLANG_WARN_OBJC_LITERAL_CONVERSION = YES;
				CLANG_WARN_OBJC_ROOT_CLASS = YES_ERROR;
				CLANG_WARN_RANGE_LOOP_ANALYSIS = YES;
				CLANG_WARN_STRICT_PROTOTYPES = YES;
				CLANG_WARN_SUSPICIOUS_MOVE = YES;
				CLANG_WARN_UNGUARDED_AVAILABILITY = YES_AGGRESSIVE;
				CLANG_WARN_UNREACHABLE_CODE = YES;
				CLANG_WARN__DUPLICATE_METHOD_MATCH = YES;
				CODE_SIGN_IDENTITY = "iPhone Developer";
				COPY_PHASE_STRIP = NO;
				CURRENT_PROJECT_VERSION = 1;
				DEBUG_INFORMATION_FORMAT = "dwarf-with-dsym";
				ENABLE_NS_ASSERTIONS = NO;
				ENABLE_STRICT_OBJC_MSGSEND = YES;
				GCC_C_LANGUAGE_STANDARD = gnu11;
				GCC_NO_COMMON_BLOCKS = YES;
				GCC_WARN_64_TO_32_BIT_CONVERSION = YES;
				GCC_WARN_ABOUT_RETURN_TYPE = YES_ERROR;
				GCC_WARN_UNDECLARED_SELECTOR = YES;
				GCC_WARN_UNINITIALIZED_AUTOS = YES_AGGRESSIVE;
				GCC_WARN_UNUSED_FUNCTION = YES;
				GCC_WARN_UNUSED_VARIABLE = YES;
				IPHONEOS_DEPLOYMENT_TARGET = 10.0;
				MTL_ENABLE_DEBUG_INFO = NO;
				SDKROOT = iphoneos;
				SWIFT_OPTIMIZATION_LEVEL = "-Owholemodule";
				VALIDATE_PRODUCT = YES;
				VERSIONING_SYSTEM = "apple-generic";
				VERSION_INFO_PREFIX = "";
			};
			name = Release;
		};
		29822E171FE05247008532D2 /* Debug */ = {
			isa = XCBuildConfiguration;
			buildSettings = {
				CLANG_ENABLE_MODULES = YES;
				CODE_SIGN_IDENTITY = "";
				CODE_SIGN_STYLE = Manual;
				DEFINES_MODULE = YES;
				DYLIB_COMPATIBILITY_VERSION = 1;
				DYLIB_CURRENT_VERSION = 1;
				DYLIB_INSTALL_NAME_BASE = "@rpath";
				INFOPLIST_FILE = Source/Info.plist;
				INSTALL_PATH = "$(LOCAL_LIBRARY_DIR)/Frameworks";
				IPHONEOS_DEPLOYMENT_TARGET = 10.0;
				LD_RUNPATH_SEARCH_PATHS = "$(inherited) @executable_path/Frameworks @loader_path/Frameworks";
				PRODUCT_BUNDLE_IDENTIFIER = com.whoisryannystrom.StyledText;
				PRODUCT_NAME = "$(TARGET_NAME:c99extidentifier)";
				PROVISIONING_PROFILE_SPECIFIER = "";
				SKIP_INSTALL = YES;
				SWIFT_OPTIMIZATION_LEVEL = "-Onone";
				SWIFT_VERSION = 5.0;
				TARGETED_DEVICE_FAMILY = "1,2";
			};
			name = Debug;
		};
		29822E181FE05247008532D2 /* Release */ = {
			isa = XCBuildConfiguration;
			buildSettings = {
				CLANG_ENABLE_MODULES = YES;
				CODE_SIGN_IDENTITY = "";
				CODE_SIGN_STYLE = Manual;
				DEFINES_MODULE = YES;
				DYLIB_COMPATIBILITY_VERSION = 1;
				DYLIB_CURRENT_VERSION = 1;
				DYLIB_INSTALL_NAME_BASE = "@rpath";
				INFOPLIST_FILE = Source/Info.plist;
				INSTALL_PATH = "$(LOCAL_LIBRARY_DIR)/Frameworks";
				IPHONEOS_DEPLOYMENT_TARGET = 10.0;
				LD_RUNPATH_SEARCH_PATHS = "$(inherited) @executable_path/Frameworks @loader_path/Frameworks";
				PRODUCT_BUNDLE_IDENTIFIER = com.whoisryannystrom.StyledText;
				PRODUCT_NAME = "$(TARGET_NAME:c99extidentifier)";
				PROVISIONING_PROFILE_SPECIFIER = "";
				SKIP_INSTALL = YES;
				SWIFT_VERSION = 5.0;
				TARGETED_DEVICE_FAMILY = "1,2";
			};
			name = Release;
		};
		D9C656C2216B05DE00B02C6D /* Debug */ = {
			isa = XCBuildConfiguration;
			buildSettings = {
				CLANG_ENABLE_OBJC_WEAK = YES;
				CODE_SIGN_STYLE = Automatic;
				INFOPLIST_FILE = UITests/Info.plist;
				IPHONEOS_DEPLOYMENT_TARGET = 12.0;
				LD_RUNPATH_SEARCH_PATHS = "$(inherited) @executable_path/Frameworks @loader_path/Frameworks";
				MTL_ENABLE_DEBUG_INFO = INCLUDE_SOURCE;
				MTL_FAST_MATH = YES;
				PRODUCT_BUNDLE_IDENTIFIER = com.whoisryannystrom.StyledText.UITests;
				PRODUCT_NAME = "$(TARGET_NAME)";
				SWIFT_VERSION = 5.0;
				TARGETED_DEVICE_FAMILY = "1,2";
				TEST_TARGET_NAME = UITestsApp;
			};
			name = Debug;
		};
		D9C656C3216B05DE00B02C6D /* Release */ = {
			isa = XCBuildConfiguration;
			buildSettings = {
				CLANG_ENABLE_OBJC_WEAK = YES;
				CODE_SIGN_STYLE = Automatic;
				INFOPLIST_FILE = UITests/Info.plist;
				IPHONEOS_DEPLOYMENT_TARGET = 12.0;
				LD_RUNPATH_SEARCH_PATHS = "$(inherited) @executable_path/Frameworks @loader_path/Frameworks";
				MTL_FAST_MATH = YES;
				PRODUCT_BUNDLE_IDENTIFIER = com.whoisryannystrom.StyledText.UITests;
				PRODUCT_NAME = "$(TARGET_NAME)";
				SWIFT_VERSION = 5.0;
				TARGETED_DEVICE_FAMILY = "1,2";
				TEST_TARGET_NAME = UITestsApp;
			};
			name = Release;
		};
		D9C656D9216B05FC00B02C6D /* Debug */ = {
			isa = XCBuildConfiguration;
			buildSettings = {
				ALWAYS_EMBED_SWIFT_STANDARD_LIBRARIES = YES;
				ASSETCATALOG_COMPILER_APPICON_NAME = AppIcon;
				CLANG_ENABLE_OBJC_WEAK = YES;
				CODE_SIGN_STYLE = Automatic;
				INFOPLIST_FILE = UITestsApp/Info.plist;
				IPHONEOS_DEPLOYMENT_TARGET = 12.0;
				LD_RUNPATH_SEARCH_PATHS = "$(inherited) @executable_path/Frameworks";
				MTL_ENABLE_DEBUG_INFO = INCLUDE_SOURCE;
				MTL_FAST_MATH = YES;
				PRODUCT_BUNDLE_IDENTIFIER = com.whoisryannystrom.StyledText.UITestsApp;
				PRODUCT_NAME = "$(TARGET_NAME)";
				SWIFT_VERSION = 5.0;
				TARGETED_DEVICE_FAMILY = "1,2";
			};
			name = Debug;
		};
		D9C656DA216B05FC00B02C6D /* Release */ = {
			isa = XCBuildConfiguration;
			buildSettings = {
				ALWAYS_EMBED_SWIFT_STANDARD_LIBRARIES = YES;
				ASSETCATALOG_COMPILER_APPICON_NAME = AppIcon;
				CLANG_ENABLE_OBJC_WEAK = YES;
				CODE_SIGN_STYLE = Automatic;
				INFOPLIST_FILE = UITestsApp/Info.plist;
				IPHONEOS_DEPLOYMENT_TARGET = 12.0;
				LD_RUNPATH_SEARCH_PATHS = "$(inherited) @executable_path/Frameworks";
				MTL_FAST_MATH = YES;
				PRODUCT_BUNDLE_IDENTIFIER = com.whoisryannystrom.StyledText.UITestsApp;
				PRODUCT_NAME = "$(TARGET_NAME)";
				SWIFT_VERSION = 5.0;
				TARGETED_DEVICE_FAMILY = "1,2";
			};
			name = Release;
		};
/* End XCBuildConfiguration section */

/* Begin XCConfigurationList section */
		294F655020C38F4E0040C3FE /* Build configuration list for PBXNativeTarget "Tests" */ = {
			isa = XCConfigurationList;
			buildConfigurations = (
				294F655120C38F4E0040C3FE /* Debug */,
				294F655220C38F4E0040C3FE /* Release */,
			);
			defaultConfigurationIsVisible = 0;
			defaultConfigurationName = Release;
		};
		29822E081FE05247008532D2 /* Build configuration list for PBXProject "StyledTextKit" */ = {
			isa = XCConfigurationList;
			buildConfigurations = (
				29822E141FE05247008532D2 /* Debug */,
				29822E151FE05247008532D2 /* Release */,
			);
			defaultConfigurationIsVisible = 0;
			defaultConfigurationName = Release;
		};
		29822E161FE05247008532D2 /* Build configuration list for PBXNativeTarget "StyledTextKit" */ = {
			isa = XCConfigurationList;
			buildConfigurations = (
				29822E171FE05247008532D2 /* Debug */,
				29822E181FE05247008532D2 /* Release */,
			);
			defaultConfigurationIsVisible = 0;
			defaultConfigurationName = Release;
		};
		D9C656C4216B05DE00B02C6D /* Build configuration list for PBXNativeTarget "UITests" */ = {
			isa = XCConfigurationList;
			buildConfigurations = (
				D9C656C2216B05DE00B02C6D /* Debug */,
				D9C656C3216B05DE00B02C6D /* Release */,
			);
			defaultConfigurationIsVisible = 0;
			defaultConfigurationName = Release;
		};
		D9C656D8216B05FC00B02C6D /* Build configuration list for PBXNativeTarget "UITestsApp" */ = {
			isa = XCConfigurationList;
			buildConfigurations = (
				D9C656D9216B05FC00B02C6D /* Debug */,
				D9C656DA216B05FC00B02C6D /* Release */,
			);
			defaultConfigurationIsVisible = 0;
			defaultConfigurationName = Release;
		};
/* End XCConfigurationList section */
	};
	rootObject = 29822E051FE05247008532D2 /* Project object */;
}
